// !$*UTF8*$!
{
	archiveVersion = 1;
	classes = {
	};
	objectVersion = 56;
	objects = {

/* Begin PBXBuildFile section */
		9CD1F9B32B0B246400E10E86 /* BLETestApp.swift in Sources */ = {isa = PBXBuildFile; fileRef = 9CD1F9B22B0B246400E10E86 /* BLETestApp.swift */; };
		9CD1F9B52B0B246400E10E86 /* ContentView.swift in Sources */ = {isa = PBXBuildFile; fileRef = 9CD1F9B42B0B246400E10E86 /* ContentView.swift */; };
		9CD1F9B72B0B246400E10E86 /* Assets.xcassets in Resources */ = {isa = PBXBuildFile; fileRef = 9CD1F9B62B0B246400E10E86 /* Assets.xcassets */; };
		9CD1F9BA2B0B246400E10E86 /* Preview Assets.xcassets in Resources */ = {isa = PBXBuildFile; fileRef = 9CD1F9B92B0B246400E10E86 /* Preview Assets.xcassets */; };
		9CD1F9C42B0B246400E10E86 /* BLETestTests.swift in Sources */ = {isa = PBXBuildFile; fileRef = 9CD1F9C32B0B246400E10E86 /* BLETestTests.swift */; };
		9CD1F9CE2B0B246400E10E86 /* BLETestUITests.swift in Sources */ = {isa = PBXBuildFile; fileRef = 9CD1F9CD2B0B246400E10E86 /* BLETestUITests.swift */; };
		9CD1F9D02B0B246400E10E86 /* BLETestUITestsLaunchTests.swift in Sources */ = {isa = PBXBuildFile; fileRef = 9CD1F9CF2B0B246400E10E86 /* BLETestUITestsLaunchTests.swift */; };
/* End PBXBuildFile section */

/* Begin PBXContainerItemProxy section */
		9CD1F9C02B0B246400E10E86 /* PBXContainerItemProxy */ = {
			isa = PBXContainerItemProxy;
			containerPortal = 9CD1F9A72B0B246400E10E86 /* Project object */;
			proxyType = 1;
			remoteGlobalIDString = 9CD1F9AE2B0B246400E10E86;
			remoteInfo = BLETest;
		};
		9CD1F9CA2B0B246400E10E86 /* PBXContainerItemProxy */ = {
			isa = PBXContainerItemProxy;
			containerPortal = 9CD1F9A72B0B246400E10E86 /* Project object */;
			proxyType = 1;
			remoteGlobalIDString = 9CD1F9AE2B0B246400E10E86;
			remoteInfo = BLETest;
		};
/* End PBXContainerItemProxy section */

/* Begin PBXFileReference section */
		9CD1F9AF2B0B246400E10E86 /* BLETest.app */ = {isa = PBXFileReference; explicitFileType = wrapper.application; includeInIndex = 0; path = BLETest.app; sourceTree = BUILT_PRODUCTS_DIR; };
		9CD1F9B22B0B246400E10E86 /* BLETestApp.swift */ = {isa = PBXFileReference; lastKnownFileType = sourcecode.swift; path = BLETestApp.swift; sourceTree = "<group>"; };
		9CD1F9B42B0B246400E10E86 /* ContentView.swift */ = {isa = PBXFileReference; lastKnownFileType = sourcecode.swift; path = ContentView.swift; sourceTree = "<group>"; };
		9CD1F9B62B0B246400E10E86 /* Assets.xcassets */ = {isa = PBXFileReference; lastKnownFileType = folder.assetcatalog; path = Assets.xcassets; sourceTree = "<group>"; };
		9CD1F9B92B0B246400E10E86 /* Preview Assets.xcassets */ = {isa = PBXFileReference; lastKnownFileType = folder.assetcatalog; path = "Preview Assets.xcassets"; sourceTree = "<group>"; };
		9CD1F9BF2B0B246400E10E86 /* BLETestTests.xctest */ = {isa = PBXFileReference; explicitFileType = wrapper.cfbundle; includeInIndex = 0; path = BLETestTests.xctest; sourceTree = BUILT_PRODUCTS_DIR; };
		9CD1F9C32B0B246400E10E86 /* BLETestTests.swift */ = {isa = PBXFileReference; lastKnownFileType = sourcecode.swift; path = BLETestTests.swift; sourceTree = "<group>"; };
		9CD1F9C92B0B246400E10E86 /* BLETestUITests.xctest */ = {isa = PBXFileReference; explicitFileType = wrapper.cfbundle; includeInIndex = 0; path = BLETestUITests.xctest; sourceTree = BUILT_PRODUCTS_DIR; };
		9CD1F9CD2B0B246400E10E86 /* BLETestUITests.swift */ = {isa = PBXFileReference; lastKnownFileType = sourcecode.swift; path = BLETestUITests.swift; sourceTree = "<group>"; };
		9CD1F9CF2B0B246400E10E86 /* BLETestUITestsLaunchTests.swift */ = {isa = PBXFileReference; lastKnownFileType = sourcecode.swift; path = BLETestUITestsLaunchTests.swift; sourceTree = "<group>"; };
		9CD1F9DC2B0B29DE00E10E86 /* Info.plist */ = {isa = PBXFileReference; lastKnownFileType = text.plist; path = Info.plist; sourceTree = "<group>"; };
/* End PBXFileReference section */

/* Begin PBXFrameworksBuildPhase section */
		9CD1F9AC2B0B246400E10E86 /* Frameworks */ = {
			isa = PBXFrameworksBuildPhase;
			buildActionMask = 2147483647;
			files = (
			);
			runOnlyForDeploymentPostprocessing = 0;
		};
		9CD1F9BC2B0B246400E10E86 /* Frameworks */ = {
			isa = PBXFrameworksBuildPhase;
			buildActionMask = 2147483647;
			files = (
			);
			runOnlyForDeploymentPostprocessing = 0;
		};
		9CD1F9C62B0B246400E10E86 /* Frameworks */ = {
			isa = PBXFrameworksBuildPhase;
			buildActionMask = 2147483647;
			files = (
			);
			runOnlyForDeploymentPostprocessing = 0;
		};
/* End PBXFrameworksBuildPhase section */

/* Begin PBXGroup section */
		9CD1F9A62B0B246400E10E86 = {
			isa = PBXGroup;
			children = (
				9CD1F9B12B0B246400E10E86 /* BLETest */,
				9CD1F9C22B0B246400E10E86 /* BLETestTests */,
				9CD1F9CC2B0B246400E10E86 /* BLETestUITests */,
				9CD1F9B02B0B246400E10E86 /* Products */,
			);
			sourceTree = "<group>";
		};
		9CD1F9B02B0B246400E10E86 /* Products */ = {
			isa = PBXGroup;
			children = (
				9CD1F9AF2B0B246400E10E86 /* BLETest.app */,
				9CD1F9BF2B0B246400E10E86 /* BLETestTests.xctest */,
				9CD1F9C92B0B246400E10E86 /* BLETestUITests.xctest */,
			);
			name = Products;
			sourceTree = "<group>";
		};
		9CD1F9B12B0B246400E10E86 /* BLETest */ = {
			isa = PBXGroup;
			children = (
				9CD1F9DC2B0B29DE00E10E86 /* Info.plist */,
				9CD1F9B22B0B246400E10E86 /* BLETestApp.swift */,
				9CD1F9B42B0B246400E10E86 /* ContentView.swift */,
				9CD1F9B62B0B246400E10E86 /* Assets.xcassets */,
				9CD1F9B82B0B246400E10E86 /* Preview Content */,
			);
			path = BLETest;
			sourceTree = "<group>";
		};
		9CD1F9B82B0B246400E10E86 /* Preview Content */ = {
			isa = PBXGroup;
			children = (
				9CD1F9B92B0B246400E10E86 /* Preview Assets.xcassets */,
			);
			path = "Preview Content";
			sourceTree = "<group>";
		};
		9CD1F9C22B0B246400E10E86 /* BLETestTests */ = {
			isa = PBXGroup;
			children = (
				9CD1F9C32B0B246400E10E86 /* BLETestTests.swift */,
			);
			path = BLETestTests;
			sourceTree = "<group>";
		};
		9CD1F9CC2B0B246400E10E86 /* BLETestUITests */ = {
			isa = PBXGroup;
			children = (
				9CD1F9CD2B0B246400E10E86 /* BLETestUITests.swift */,
				9CD1F9CF2B0B246400E10E86 /* BLETestUITestsLaunchTests.swift */,
			);
			path = BLETestUITests;
			sourceTree = "<group>";
		};
/* End PBXGroup section */

/* Begin PBXNativeTarget section */
		9CD1F9AE2B0B246400E10E86 /* BLETest */ = {
			isa = PBXNativeTarget;
			buildConfigurationList = 9CD1F9D32B0B246400E10E86 /* Build configuration list for PBXNativeTarget "BLETest" */;
			buildPhases = (
				9CD1F9AB2B0B246400E10E86 /* Sources */,
				9CD1F9AC2B0B246400E10E86 /* Frameworks */,
				9CD1F9AD2B0B246400E10E86 /* Resources */,
			);
			buildRules = (
			);
			dependencies = (
			);
			name = BLETest;
			productName = BLETest;
			productReference = 9CD1F9AF2B0B246400E10E86 /* BLETest.app */;
			productType = "com.apple.product-type.application";
		};
		9CD1F9BE2B0B246400E10E86 /* BLETestTests */ = {
			isa = PBXNativeTarget;
			buildConfigurationList = 9CD1F9D62B0B246400E10E86 /* Build configuration list for PBXNativeTarget "BLETestTests" */;
			buildPhases = (
				9CD1F9BB2B0B246400E10E86 /* Sources */,
				9CD1F9BC2B0B246400E10E86 /* Frameworks */,
				9CD1F9BD2B0B246400E10E86 /* Resources */,
			);
			buildRules = (
			);
			dependencies = (
				9CD1F9C12B0B246400E10E86 /* PBXTargetDependency */,
			);
			name = BLETestTests;
			productName = BLETestTests;
			productReference = 9CD1F9BF2B0B246400E10E86 /* BLETestTests.xctest */;
			productType = "com.apple.product-type.bundle.unit-test";
		};
		9CD1F9C82B0B246400E10E86 /* BLETestUITests */ = {
			isa = PBXNativeTarget;
			buildConfigurationList = 9CD1F9D92B0B246400E10E86 /* Build configuration list for PBXNativeTarget "BLETestUITests" */;
			buildPhases = (
				9CD1F9C52B0B246400E10E86 /* Sources */,
				9CD1F9C62B0B246400E10E86 /* Frameworks */,
				9CD1F9C72B0B246400E10E86 /* Resources */,
			);
			buildRules = (
			);
			dependencies = (
				9CD1F9CB2B0B246400E10E86 /* PBXTargetDependency */,
			);
			name = BLETestUITests;
			productName = BLETestUITests;
			productReference = 9CD1F9C92B0B246400E10E86 /* BLETestUITests.xctest */;
			productType = "com.apple.product-type.bundle.ui-testing";
		};
/* End PBXNativeTarget section */

/* Begin PBXProject section */
		9CD1F9A72B0B246400E10E86 /* Project object */ = {
			isa = PBXProject;
			attributes = {
				BuildIndependentTargetsInParallel = 1;
				LastSwiftUpdateCheck = 1500;
				LastUpgradeCheck = 1500;
				TargetAttributes = {
					9CD1F9AE2B0B246400E10E86 = {
						CreatedOnToolsVersion = 15.0.1;
					};
					9CD1F9BE2B0B246400E10E86 = {
						CreatedOnToolsVersion = 15.0.1;
						TestTargetID = 9CD1F9AE2B0B246400E10E86;
					};
					9CD1F9C82B0B246400E10E86 = {
						CreatedOnToolsVersion = 15.0.1;
						TestTargetID = 9CD1F9AE2B0B246400E10E86;
					};
				};
			};
			buildConfigurationList = 9CD1F9AA2B0B246400E10E86 /* Build configuration list for PBXProject "BLETest" */;
			compatibilityVersion = "Xcode 14.0";
			developmentRegion = en;
			hasScannedForEncodings = 0;
			knownRegions = (
				en,
				Base,
			);
			mainGroup = 9CD1F9A62B0B246400E10E86;
			productRefGroup = 9CD1F9B02B0B246400E10E86 /* Products */;
			projectDirPath = "";
			projectRoot = "";
			targets = (
				9CD1F9AE2B0B246400E10E86 /* BLETest */,
				9CD1F9BE2B0B246400E10E86 /* BLETestTests */,
				9CD1F9C82B0B246400E10E86 /* BLETestUITests */,
			);
		};
/* End PBXProject section */

/* Begin PBXResourcesBuildPhase section */
		9CD1F9AD2B0B246400E10E86 /* Resources */ = {
			isa = PBXResourcesBuildPhase;
			buildActionMask = 2147483647;
			files = (
				9CD1F9BA2B0B246400E10E86 /* Preview Assets.xcassets in Resources */,
				9CD1F9B72B0B246400E10E86 /* Assets.xcassets in Resources */,
			);
			runOnlyForDeploymentPostprocessing = 0;
		};
		9CD1F9BD2B0B246400E10E86 /* Resources */ = {
			isa = PBXResourcesBuildPhase;
			buildActionMask = 2147483647;
			files = (
			);
			runOnlyForDeploymentPostprocessing = 0;
		};
		9CD1F9C72B0B246400E10E86 /* Resources */ = {
			isa = PBXResourcesBuildPhase;
			buildActionMask = 2147483647;
			files = (
			);
			runOnlyForDeploymentPostprocessing = 0;
		};
/* End PBXResourcesBuildPhase section */

/* Begin PBXSourcesBuildPhase section */
		9CD1F9AB2B0B246400E10E86 /* Sources */ = {
			isa = PBXSourcesBuildPhase;
			buildActionMask = 2147483647;
			files = (
				9CD1F9B52B0B246400E10E86 /* ContentView.swift in Sources */,
				9CD1F9B32B0B246400E10E86 /* BLETestApp.swift in Sources */,
			);
			runOnlyForDeploymentPostprocessing = 0;
		};
		9CD1F9BB2B0B246400E10E86 /* Sources */ = {
			isa = PBXSourcesBuildPhase;
			buildActionMask = 2147483647;
			files = (
				9CD1F9C42B0B246400E10E86 /* BLETestTests.swift in Sources */,
			);
			runOnlyForDeploymentPostprocessing = 0;
		};
		9CD1F9C52B0B246400E10E86 /* Sources */ = {
			isa = PBXSourcesBuildPhase;
			buildActionMask = 2147483647;
			files = (
				9CD1F9D02B0B246400E10E86 /* BLETestUITestsLaunchTests.swift in Sources */,
				9CD1F9CE2B0B246400E10E86 /* BLETestUITests.swift in Sources */,
			);
			runOnlyForDeploymentPostprocessing = 0;
		};
/* End PBXSourcesBuildPhase section */

/* Begin PBXTargetDependency section */
		9CD1F9C12B0B246400E10E86 /* PBXTargetDependency */ = {
			isa = PBXTargetDependency;
			target = 9CD1F9AE2B0B246400E10E86 /* BLETest */;
			targetProxy = 9CD1F9C02B0B246400E10E86 /* PBXContainerItemProxy */;
		};
		9CD1F9CB2B0B246400E10E86 /* PBXTargetDependency */ = {
			isa = PBXTargetDependency;
			target = 9CD1F9AE2B0B246400E10E86 /* BLETest */;
			targetProxy = 9CD1F9CA2B0B246400E10E86 /* PBXContainerItemProxy */;
		};
/* End PBXTargetDependency section */

/* Begin XCBuildConfiguration section */
		9CD1F9D12B0B246400E10E86 /* Debug */ = {
			isa = XCBuildConfiguration;
			buildSettings = {
				ALWAYS_SEARCH_USER_PATHS = NO;
				ASSETCATALOG_COMPILER_GENERATE_SWIFT_ASSET_SYMBOL_EXTENSIONS = YES;
				CLANG_ANALYZER_NONNULL = YES;
				CLANG_ANALYZER_NUMBER_OBJECT_CONVERSION = YES_AGGRESSIVE;
				CLANG_CXX_LANGUAGE_STANDARD = "gnu++20";
				CLANG_ENABLE_MODULES = YES;
				CLANG_ENABLE_OBJC_ARC = YES;
				CLANG_ENABLE_OBJC_WEAK = YES;
				CLANG_WARN_BLOCK_CAPTURE_AUTORELEASING = YES;
				CLANG_WARN_BOOL_CONVERSION = YES;
				CLANG_WARN_COMMA = YES;
				CLANG_WARN_CONSTANT_CONVERSION = YES;
				CLANG_WARN_DEPRECATED_OBJC_IMPLEMENTATIONS = YES;
				CLANG_WARN_DIRECT_OBJC_ISA_USAGE = YES_ERROR;
				CLANG_WARN_DOCUMENTATION_COMMENTS = YES;
				CLANG_WARN_EMPTY_BODY = YES;
				CLANG_WARN_ENUM_CONVERSION = YES;
				CLANG_WARN_INFINITE_RECURSION = YES;
				CLANG_WARN_INT_CONVERSION = YES;
				CLANG_WARN_NON_LITERAL_NULL_CONVERSION = YES;
				CLANG_WARN_OBJC_IMPLICIT_RETAIN_SELF = YES;
				CLANG_WARN_OBJC_LITERAL_CONVERSION = YES;
				CLANG_WARN_OBJC_ROOT_CLASS = YES_ERROR;
				CLANG_WARN_QUOTED_INCLUDE_IN_FRAMEWORK_HEADER = YES;
				CLANG_WARN_RANGE_LOOP_ANALYSIS = YES;
				CLANG_WARN_STRICT_PROTOTYPES = YES;
				CLANG_WARN_SUSPICIOUS_MOVE = YES;
				CLANG_WARN_UNGUARDED_AVAILABILITY = YES_AGGRESSIVE;
				CLANG_WARN_UNREACHABLE_CODE = YES;
				CLANG_WARN__DUPLICATE_METHOD_MATCH = YES;
				COPY_PHASE_STRIP = NO;
				DEBUG_INFORMATION_FORMAT = dwarf;
				ENABLE_STRICT_OBJC_MSGSEND = YES;
				ENABLE_TESTABILITY = YES;
				ENABLE_USER_SCRIPT_SANDBOXING = YES;
				GCC_C_LANGUAGE_STANDARD = gnu17;
				GCC_DYNAMIC_NO_PIC = NO;
				GCC_NO_COMMON_BLOCKS = YES;
				GCC_OPTIMIZATION_LEVEL = 0;
				GCC_PREPROCESSOR_DEFINITIONS = (
					"DEBUG=1",
					"$(inherited)",
				);
				GCC_WARN_64_TO_32_BIT_CONVERSION = YES;
				GCC_WARN_ABOUT_RETURN_TYPE = YES_ERROR;
				GCC_WARN_UNDECLARED_SELECTOR = YES;
				GCC_WARN_UNINITIALIZED_AUTOS = YES_AGGRESSIVE;
				GCC_WARN_UNUSED_FUNCTION = YES;
				GCC_WARN_UNUSED_VARIABLE = YES;
				IPHONEOS_DEPLOYMENT_TARGET = 17.0;
				LOCALIZATION_PREFERS_STRING_CATALOGS = YES;
				MTL_ENABLE_DEBUG_INFO = INCLUDE_SOURCE;
				MTL_FAST_MATH = YES;
				ONLY_ACTIVE_ARCH = YES;
				SDKROOT = iphoneos;
				SWIFT_ACTIVE_COMPILATION_CONDITIONS = "DEBUG $(inherited)";
				SWIFT_OPTIMIZATION_LEVEL = "-Onone";
			};
			name = Debug;
		};
		9CD1F9D22B0B246400E10E86 /* Release */ = {
			isa = XCBuildConfiguration;
			buildSettings = {
				ALWAYS_SEARCH_USER_PATHS = NO;
				ASSETCATALOG_COMPILER_GENERATE_SWIFT_ASSET_SYMBOL_EXTENSIONS = YES;
				CLANG_ANALYZER_NONNULL = YES;
				CLANG_ANALYZER_NUMBER_OBJECT_CONVERSION = YES_AGGRESSIVE;
				CLANG_CXX_LANGUAGE_STANDARD = "gnu++20";
				CLANG_ENABLE_MODULES = YES;
				CLANG_ENABLE_OBJC_ARC = YES;
				CLANG_ENABLE_OBJC_WEAK = YES;
				CLANG_WARN_BLOCK_CAPTURE_AUTORELEASING = YES;
				CLANG_WARN_BOOL_CONVERSION = YES;
				CLANG_WARN_COMMA = YES;
				CLANG_WARN_CONSTANT_CONVERSION = YES;
				CLANG_WARN_DEPRECATED_OBJC_IMPLEMENTATIONS = YES;
				CLANG_WARN_DIRECT_OBJC_ISA_USAGE = YES_ERROR;
				CLANG_WARN_DOCUMENTATION_COMMENTS = YES;
				CLANG_WARN_EMPTY_BODY = YES;
				CLANG_WARN_ENUM_CONVERSION = YES;
				CLANG_WARN_INFINITE_RECURSION = YES;
				CLANG_WARN_INT_CONVERSION = YES;
				CLANG_WARN_NON_LITERAL_NULL_CONVERSION = YES;
				CLANG_WARN_OBJC_IMPLICIT_RETAIN_SELF = YES;
				CLANG_WARN_OBJC_LITERAL_CONVERSION = YES;
				CLANG_WARN_OBJC_ROOT_CLASS = YES_ERROR;
				CLANG_WARN_QUOTED_INCLUDE_IN_FRAMEWORK_HEADER = YES;
				CLANG_WARN_RANGE_LOOP_ANALYSIS = YES;
				CLANG_WARN_STRICT_PROTOTYPES = YES;
				CLANG_WARN_SUSPICIOUS_MOVE = YES;
				CLANG_WARN_UNGUARDED_AVAILABILITY = YES_AGGRESSIVE;
				CLANG_WARN_UNREACHABLE_CODE = YES;
				CLANG_WARN__DUPLICATE_METHOD_MATCH = YES;
				COPY_PHASE_STRIP = NO;
				DEBUG_INFORMATION_FORMAT = "dwarf-with-dsym";
				ENABLE_NS_ASSERTIONS = NO;
				ENABLE_STRICT_OBJC_MSGSEND = YES;
				ENABLE_USER_SCRIPT_SANDBOXING = YES;
				GCC_C_LANGUAGE_STANDARD = gnu17;
				GCC_NO_COMMON_BLOCKS = YES;
				GCC_WARN_64_TO_32_BIT_CONVERSION = YES;
				GCC_WARN_ABOUT_RETURN_TYPE = YES_ERROR;
				GCC_WARN_UNDECLARED_SELECTOR = YES;
				GCC_WARN_UNINITIALIZED_AUTOS = YES_AGGRESSIVE;
				GCC_WARN_UNUSED_FUNCTION = YES;
				GCC_WARN_UNUSED_VARIABLE = YES;
				IPHONEOS_DEPLOYMENT_TARGET = 17.0;
				LOCALIZATION_PREFERS_STRING_CATALOGS = YES;
				MTL_ENABLE_DEBUG_INFO = NO;
				MTL_FAST_MATH = YES;
				SDKROOT = iphoneos;
				SWIFT_COMPILATION_MODE = wholemodule;
				VALIDATE_PRODUCT = YES;
			};
			name = Release;
		};
		9CD1F9D42B0B246400E10E86 /* Debug */ = {
			isa = XCBuildConfiguration;
			buildSettings = {
				ASSETCATALOG_COMPILER_APPICON_NAME = AppIcon;
				ASSETCATALOG_COMPILER_GLOBAL_ACCENT_COLOR_NAME = AccentColor;
				CODE_SIGN_STYLE = Automatic;
				CURRENT_PROJECT_VERSION = 1;
				DEVELOPMENT_ASSET_PATHS = "\"BLETest/Preview Content\"";
				DEVELOPMENT_TEAM = 7QA45VJU6L;
				ENABLE_PREVIEWS = YES;
				GENERATE_INFOPLIST_FILE = YES;
				INFOPLIST_FILE = BLETest/Info.plist;
				INFOPLIST_KEY_NSBluetoothAlwaysUsageDescription = "We need to access bluetooth to discover and connect to nearby peripherals";
				INFOPLIST_KEY_UIApplicationSceneManifest_Generation = YES;
				INFOPLIST_KEY_UIApplicationSupportsIndirectInputEvents = YES;
				INFOPLIST_KEY_UILaunchScreen_Generation = YES;
				INFOPLIST_KEY_UISupportedInterfaceOrientations_iPad = "UIInterfaceOrientationPortrait UIInterfaceOrientationPortraitUpsideDown UIInterfaceOrientationLandscapeLeft UIInterfaceOrientationLandscapeRight";
				INFOPLIST_KEY_UISupportedInterfaceOrientations_iPhone = "UIInterfaceOrientationPortrait UIInterfaceOrientationLandscapeLeft UIInterfaceOrientationLandscapeRight";
				LD_RUNPATH_SEARCH_PATHS = (
					"$(inherited)",
					"@executable_path/Frameworks",
				);
				MARKETING_VERSION = 1.0;
				PRODUCT_BUNDLE_IDENTIFIER = com.marcelo.BLETest;
				PRODUCT_NAME = "$(TARGET_NAME)";
				SWIFT_EMIT_LOC_STRINGS = YES;
				SWIFT_VERSION = 5.0;
				TARGETED_DEVICE_FAMILY = "1,2";
			};
			name = Debug;
		};
		9CD1F9D52B0B246400E10E86 /* Release */ = {
			isa = XCBuildConfiguration;
			buildSettings = {
				ASSETCATALOG_COMPILER_APPICON_NAME = AppIcon;
				ASSETCATALOG_COMPILER_GLOBAL_ACCENT_COLOR_NAME = AccentColor;
				CODE_SIGN_STYLE = Automatic;
				CURRENT_PROJECT_VERSION = 1;
				DEVELOPMENT_ASSET_PATHS = "\"BLETest/Preview Content\"";
				DEVELOPMENT_TEAM = 7QA45VJU6L;
				ENABLE_PREVIEWS = YES;
				GENERATE_INFOPLIST_FILE = YES;
				INFOPLIST_FILE = BLETest/Info.plist;
				INFOPLIST_KEY_NSBluetoothAlwaysUsageDescription = "We need to access bluetooth to discover and connect to nearby peripherals";
				INFOPLIST_KEY_UIApplicationSceneManifest_Generation = YES;
				INFOPLIST_KEY_UIApplicationSupportsIndirectInputEvents = YES;
				INFOPLIST_KEY_UILaunchScreen_Generation = YES;
				INFOPLIST_KEY_UISupportedInterfaceOrientations_iPad = "UIInterfaceOrientationPortrait UIInterfaceOrientationPortraitUpsideDown UIInterfaceOrientationLandscapeLeft UIInterfaceOrientationLandscapeRight";
				INFOPLIST_KEY_UISupportedInterfaceOrientations_iPhone = "UIInterfaceOrientationPortrait UIInterfaceOrientationLandscapeLeft UIInterfaceOrientationLandscapeRight";
				LD_RUNPATH_SEARCH_PATHS = (
					"$(inherited)",
					"@executable_path/Frameworks",
				);
				MARKETING_VERSION = 1.0;
				PRODUCT_BUNDLE_IDENTIFIER = com.marcelo.BLETest;
				PRODUCT_NAME = "$(TARGET_NAME)";
				SWIFT_EMIT_LOC_STRINGS = YES;
				SWIFT_VERSION = 5.0;
				TARGETED_DEVICE_FAMILY = "1,2";
			};
			name = Release;
		};
		9CD1F9D72B0B246400E10E86 /* Debug */ = {
			isa = XCBuildConfiguration;
			buildSettings = {
				ALWAYS_EMBED_SWIFT_STANDARD_LIBRARIES = YES;
				BUNDLE_LOADER = "$(TEST_HOST)";
				CODE_SIGN_STYLE = Automatic;
				CURRENT_PROJECT_VERSION = 1;
				GENERATE_INFOPLIST_FILE = YES;
				IPHONEOS_DEPLOYMENT_TARGET = 17.0;
				MARKETING_VERSION = 1.0;
				PRODUCT_BUNDLE_IDENTIFIER = com.marcelo.BLETestTests;
				PRODUCT_NAME = "$(TARGET_NAME)";
				SWIFT_EMIT_LOC_STRINGS = NO;
				SWIFT_VERSION = 5.0;
				TARGETED_DEVICE_FAMILY = "1,2";
				TEST_HOST = "$(BUILT_PRODUCTS_DIR)/BLETest.app/$(BUNDLE_EXECUTABLE_FOLDER_PATH)/BLETest";
			};
			name = Debug;
		};
		9CD1F9D82B0B246400E10E86 /* Release */ = {
			isa = XCBuildConfiguration;
			buildSettings = {
				ALWAYS_EMBED_SWIFT_STANDARD_LIBRARIES = YES;
				BUNDLE_LOADER = "$(TEST_HOST)";
				CODE_SIGN_STYLE = Automatic;
				CURRENT_PROJECT_VERSION = 1;
				GENERATE_INFOPLIST_FILE = YES;
				IPHONEOS_DEPLOYMENT_TARGET = 17.0;
				MARKETING_VERSION = 1.0;
				PRODUCT_BUNDLE_IDENTIFIER = com.marcelo.BLETestTests;
				PRODUCT_NAME = "$(TARGET_NAME)";
				SWIFT_EMIT_LOC_STRINGS = NO;
				SWIFT_VERSION = 5.0;
				TARGETED_DEVICE_FAMILY = "1,2";
				TEST_HOST = "$(BUILT_PRODUCTS_DIR)/BLETest.app/$(BUNDLE_EXECUTABLE_FOLDER_PATH)/BLETest";
			};
			name = Release;
		};
		9CD1F9DA2B0B246400E10E86 /* Debug */ = {
			isa = XCBuildConfiguration;
			buildSettings = {
				ALWAYS_EMBED_SWIFT_STANDARD_LIBRARIES = YES;
				CODE_SIGN_STYLE = Automatic;
				CURRENT_PROJECT_VERSION = 1;
				GENERATE_INFOPLIST_FILE = YES;
				MARKETING_VERSION = 1.0;
				PRODUCT_BUNDLE_IDENTIFIER = com.marcelo.BLETestUITests;
				PRODUCT_NAME = "$(TARGET_NAME)";
				SWIFT_EMIT_LOC_STRINGS = NO;
				SWIFT_VERSION = 5.0;
				TARGETED_DEVICE_FAMILY = "1,2";
				TEST_TARGET_NAME = BLETest;
			};
			name = Debug;
		};
		9CD1F9DB2B0B246400E10E86 /* Release */ = {
			isa = XCBuildConfiguration;
			buildSettings = {
				ALWAYS_EMBED_SWIFT_STANDARD_LIBRARIES = YES;
				CODE_SIGN_STYLE = Automatic;
				CURRENT_PROJECT_VERSION = 1;
				GENERATE_INFOPLIST_FILE = YES;
				MARKETING_VERSION = 1.0;
				PRODUCT_BUNDLE_IDENTIFIER = com.marcelo.BLETestUITests;
				PRODUCT_NAME = "$(TARGET_NAME)";
				SWIFT_EMIT_LOC_STRINGS = NO;
				SWIFT_VERSION = 5.0;
				TARGETED_DEVICE_FAMILY = "1,2";
				TEST_TARGET_NAME = BLETest;
			};
			name = Release;
		};
/* End XCBuildConfiguration section */

/* Begin XCConfigurationList section */
		9CD1F9AA2B0B246400E10E86 /* Build configuration list for PBXProject "BLETest" */ = {
			isa = XCConfigurationList;
			buildConfigurations = (
				9CD1F9D12B0B246400E10E86 /* Debug */,
				9CD1F9D22B0B246400E10E86 /* Release */,
			);
			defaultConfigurationIsVisible = 0;
			defaultConfigurationName = Release;
		};
		9CD1F9D32B0B246400E10E86 /* Build configuration list for PBXNativeTarget "BLETest" */ = {
			isa = XCConfigurationList;
			buildConfigurations = (
				9CD1F9D42B0B246400E10E86 /* Debug */,
				9CD1F9D52B0B246400E10E86 /* Release */,
			);
			defaultConfigurationIsVisible = 0;
			defaultConfigurationName = Release;
		};
		9CD1F9D62B0B246400E10E86 /* Build configuration list for PBXNativeTarget "BLETestTests" */ = {
			isa = XCConfigurationList;
			buildConfigurations = (
				9CD1F9D72B0B246400E10E86 /* Debug */,
				9CD1F9D82B0B246400E10E86 /* Release */,
			);
			defaultConfigurationIsVisible = 0;
			defaultConfigurationName = Release;
		};
		9CD1F9D92B0B246400E10E86 /* Build configuration list for PBXNativeTarget "BLETestUITests" */ = {
			isa = XCConfigurationList;
			buildConfigurations = (
				9CD1F9DA2B0B246400E10E86 /* Debug */,
				9CD1F9DB2B0B246400E10E86 /* Release */,
			);
			defaultConfigurationIsVisible = 0;
			defaultConfigurationName = Release;
		};
/* End XCConfigurationList section */
	};
	rootObject = 9CD1F9A72B0B246400E10E86 /* Project object */;
}
