// !$*UTF8*$!
{
	archiveVersion = 1;
	classes = {
	};
	objectVersion = 56;
	objects = {

/* Begin PBXBuildFile section */
		9C918EB42B706FC1004AD276 /* MusicTerminalApp.swift in Sources */ = {isa = PBXBuildFile; fileRef = 9C918EB32B706FC1004AD276 /* MusicTerminalApp.swift */; };
		9C918EBA2B706FC2004AD276 /* Assets.xcassets in Resources */ = {isa = PBXBuildFile; fileRef = 9C918EB92B706FC2004AD276 /* Assets.xcassets */; };
		9C918EBD2B706FC2004AD276 /* Preview Assets.xcassets in Resources */ = {isa = PBXBuildFile; fileRef = 9C918EBC2B706FC2004AD276 /* Preview Assets.xcassets */; };
		9C918EC72B706FC2004AD276 /* MusicTerminalTests.swift in Sources */ = {isa = PBXBuildFile; fileRef = 9C918EC62B706FC2004AD276 /* MusicTerminalTests.swift */; };
		9C918ED12B706FC2004AD276 /* MusicTerminalUITests.swift in Sources */ = {isa = PBXBuildFile; fileRef = 9C918ED02B706FC2004AD276 /* MusicTerminalUITests.swift */; };
		9C918ED32B706FC2004AD276 /* MusicTerminalUITestsLaunchTests.swift in Sources */ = {isa = PBXBuildFile; fileRef = 9C918ED22B706FC2004AD276 /* MusicTerminalUITestsLaunchTests.swift */; };
		9C918EE02B7070C6004AD276 /* InitialScreen.swift in Sources */ = {isa = PBXBuildFile; fileRef = 9C918EDF2B7070C6004AD276 /* InitialScreen.swift */; };
		9C918EE32B707118004AD276 /* BLEManager.swift in Sources */ = {isa = PBXBuildFile; fileRef = 9C918EE22B707118004AD276 /* BLEManager.swift */; };
		9C92B2752B707921004C230A /* TerminalView.swift in Sources */ = {isa = PBXBuildFile; fileRef = 9C92B2742B707921004C230A /* TerminalView.swift */; };
/* End PBXBuildFile section */

/* Begin PBXContainerItemProxy section */
		9C918EC32B706FC2004AD276 /* PBXContainerItemProxy */ = {
			isa = PBXContainerItemProxy;
			containerPortal = 9C918EA82B706FC1004AD276 /* Project object */;
			proxyType = 1;
			remoteGlobalIDString = 9C918EAF2B706FC1004AD276;
			remoteInfo = MusicTerminal;
		};
		9C918ECD2B706FC2004AD276 /* PBXContainerItemProxy */ = {
			isa = PBXContainerItemProxy;
			containerPortal = 9C918EA82B706FC1004AD276 /* Project object */;
			proxyType = 1;
			remoteGlobalIDString = 9C918EAF2B706FC1004AD276;
			remoteInfo = MusicTerminal;
		};
/* End PBXContainerItemProxy section */

/* Begin PBXFileReference section */
		9C918EB02B706FC1004AD276 /* MusicTerminal.app */ = {isa = PBXFileReference; explicitFileType = wrapper.application; includeInIndex = 0; path = MusicTerminal.app; sourceTree = BUILT_PRODUCTS_DIR; };
		9C918EB32B706FC1004AD276 /* MusicTerminalApp.swift */ = {isa = PBXFileReference; lastKnownFileType = sourcecode.swift; path = MusicTerminalApp.swift; sourceTree = "<group>"; };
		9C918EB92B706FC2004AD276 /* Assets.xcassets */ = {isa = PBXFileReference; lastKnownFileType = folder.assetcatalog; path = Assets.xcassets; sourceTree = "<group>"; };
		9C918EBC2B706FC2004AD276 /* Preview Assets.xcassets */ = {isa = PBXFileReference; lastKnownFileType = folder.assetcatalog; path = "Preview Assets.xcassets"; sourceTree = "<group>"; };
		9C918EC22B706FC2004AD276 /* MusicTerminalTests.xctest */ = {isa = PBXFileReference; explicitFileType = wrapper.cfbundle; includeInIndex = 0; path = MusicTerminalTests.xctest; sourceTree = BUILT_PRODUCTS_DIR; };
		9C918EC62B706FC2004AD276 /* MusicTerminalTests.swift */ = {isa = PBXFileReference; lastKnownFileType = sourcecode.swift; path = MusicTerminalTests.swift; sourceTree = "<group>"; };
		9C918ECC2B706FC2004AD276 /* MusicTerminalUITests.xctest */ = {isa = PBXFileReference; explicitFileType = wrapper.cfbundle; includeInIndex = 0; path = MusicTerminalUITests.xctest; sourceTree = BUILT_PRODUCTS_DIR; };
		9C918ED02B706FC2004AD276 /* MusicTerminalUITests.swift */ = {isa = PBXFileReference; lastKnownFileType = sourcecode.swift; path = MusicTerminalUITests.swift; sourceTree = "<group>"; };
		9C918ED22B706FC2004AD276 /* MusicTerminalUITestsLaunchTests.swift */ = {isa = PBXFileReference; lastKnownFileType = sourcecode.swift; path = MusicTerminalUITestsLaunchTests.swift; sourceTree = "<group>"; };
		9C918EDF2B7070C6004AD276 /* InitialScreen.swift */ = {isa = PBXFileReference; lastKnownFileType = sourcecode.swift; path = InitialScreen.swift; sourceTree = "<group>"; };
		9C918EE22B707118004AD276 /* BLEManager.swift */ = {isa = PBXFileReference; lastKnownFileType = sourcecode.swift; path = BLEManager.swift; sourceTree = "<group>"; };
		9C918EE42B7071C5004AD276 /* Info.plist */ = {isa = PBXFileReference; lastKnownFileType = text.plist; path = Info.plist; sourceTree = "<group>"; };
		9C92B2742B707921004C230A /* TerminalView.swift */ = {isa = PBXFileReference; lastKnownFileType = sourcecode.swift; path = TerminalView.swift; sourceTree = "<group>"; };
/* End PBXFileReference section */

/* Begin PBXFrameworksBuildPhase section */
		9C918EAD2B706FC1004AD276 /* Frameworks */ = {
			isa = PBXFrameworksBuildPhase;
			buildActionMask = 2147483647;
			files = (
			);
			runOnlyForDeploymentPostprocessing = 0;
		};
		9C918EBF2B706FC2004AD276 /* Frameworks */ = {
			isa = PBXFrameworksBuildPhase;
			buildActionMask = 2147483647;
			files = (
			);
			runOnlyForDeploymentPostprocessing = 0;
		};
		9C918EC92B706FC2004AD276 /* Frameworks */ = {
			isa = PBXFrameworksBuildPhase;
			buildActionMask = 2147483647;
			files = (
			);
			runOnlyForDeploymentPostprocessing = 0;
		};
/* End PBXFrameworksBuildPhase section */

/* Begin PBXGroup section */
		9C918EA72B706FC1004AD276 = {
			isa = PBXGroup;
			children = (
				9C918EB22B706FC1004AD276 /* MusicTerminal */,
				9C918EC52B706FC2004AD276 /* MusicTerminalTests */,
				9C918ECF2B706FC2004AD276 /* MusicTerminalUITests */,
				9C918EB12B706FC1004AD276 /* Products */,
			);
			sourceTree = "<group>";
		};
		9C918EB12B706FC1004AD276 /* Products */ = {
			isa = PBXGroup;
			children = (
				9C918EB02B706FC1004AD276 /* MusicTerminal.app */,
				9C918EC22B706FC2004AD276 /* MusicTerminalTests.xctest */,
				9C918ECC2B706FC2004AD276 /* MusicTerminalUITests.xctest */,
			);
			name = Products;
			sourceTree = "<group>";
		};
		9C918EB22B706FC1004AD276 /* MusicTerminal */ = {
			isa = PBXGroup;
			children = (
				9C918EE42B7071C5004AD276 /* Info.plist */,
				9C918EE12B70710A004AD276 /* Bluetooth */,
				9C918EDF2B7070C6004AD276 /* InitialScreen.swift */,
				9C92B2742B707921004C230A /* TerminalView.swift */,
				9C918EB32B706FC1004AD276 /* MusicTerminalApp.swift */,
				9C918EB92B706FC2004AD276 /* Assets.xcassets */,
				9C918EBB2B706FC2004AD276 /* Preview Content */,
			);
			path = MusicTerminal;
			sourceTree = "<group>";
		};
		9C918EBB2B706FC2004AD276 /* Preview Content */ = {
			isa = PBXGroup;
			children = (
				9C918EBC2B706FC2004AD276 /* Preview Assets.xcassets */,
			);
			path = "Preview Content";
			sourceTree = "<group>";
		};
		9C918EC52B706FC2004AD276 /* MusicTerminalTests */ = {
			isa = PBXGroup;
			children = (
				9C918EC62B706FC2004AD276 /* MusicTerminalTests.swift */,
			);
			path = MusicTerminalTests;
			sourceTree = "<group>";
		};
		9C918ECF2B706FC2004AD276 /* MusicTerminalUITests */ = {
			isa = PBXGroup;
			children = (
				9C918ED02B706FC2004AD276 /* MusicTerminalUITests.swift */,
				9C918ED22B706FC2004AD276 /* MusicTerminalUITestsLaunchTests.swift */,
			);
			path = MusicTerminalUITests;
			sourceTree = "<group>";
		};
		9C918EE12B70710A004AD276 /* Bluetooth */ = {
			isa = PBXGroup;
			children = (
				9C918EE22B707118004AD276 /* BLEManager.swift */,
			);
			path = Bluetooth;
			sourceTree = "<group>";
		};
/* End PBXGroup section */

/* Begin PBXNativeTarget section */
		9C918EAF2B706FC1004AD276 /* MusicTerminal */ = {
			isa = PBXNativeTarget;
			buildConfigurationList = 9C918ED62B706FC2004AD276 /* Build configuration list for PBXNativeTarget "MusicTerminal" */;
			buildPhases = (
				9C918EAC2B706FC1004AD276 /* Sources */,
				9C918EAD2B706FC1004AD276 /* Frameworks */,
				9C918EAE2B706FC1004AD276 /* Resources */,
			);
			buildRules = (
			);
			dependencies = (
			);
			name = MusicTerminal;
			productName = MusicTerminal;
			productReference = 9C918EB02B706FC1004AD276 /* MusicTerminal.app */;
			productType = "com.apple.product-type.application";
		};
		9C918EC12B706FC2004AD276 /* MusicTerminalTests */ = {
			isa = PBXNativeTarget;
			buildConfigurationList = 9C918ED92B706FC2004AD276 /* Build configuration list for PBXNativeTarget "MusicTerminalTests" */;
			buildPhases = (
				9C918EBE2B706FC2004AD276 /* Sources */,
				9C918EBF2B706FC2004AD276 /* Frameworks */,
				9C918EC02B706FC2004AD276 /* Resources */,
			);
			buildRules = (
			);
			dependencies = (
				9C918EC42B706FC2004AD276 /* PBXTargetDependency */,
			);
			name = MusicTerminalTests;
			productName = MusicTerminalTests;
			productReference = 9C918EC22B706FC2004AD276 /* MusicTerminalTests.xctest */;
			productType = "com.apple.product-type.bundle.unit-test";
		};
		9C918ECB2B706FC2004AD276 /* MusicTerminalUITests */ = {
			isa = PBXNativeTarget;
			buildConfigurationList = 9C918EDC2B706FC2004AD276 /* Build configuration list for PBXNativeTarget "MusicTerminalUITests" */;
			buildPhases = (
				9C918EC82B706FC2004AD276 /* Sources */,
				9C918EC92B706FC2004AD276 /* Frameworks */,
				9C918ECA2B706FC2004AD276 /* Resources */,
			);
			buildRules = (
			);
			dependencies = (
				9C918ECE2B706FC2004AD276 /* PBXTargetDependency */,
			);
			name = MusicTerminalUITests;
			productName = MusicTerminalUITests;
			productReference = 9C918ECC2B706FC2004AD276 /* MusicTerminalUITests.xctest */;
			productType = "com.apple.product-type.bundle.ui-testing";
		};
/* End PBXNativeTarget section */

/* Begin PBXProject section */
		9C918EA82B706FC1004AD276 /* Project object */ = {
			isa = PBXProject;
			attributes = {
				BuildIndependentTargetsInParallel = 1;
				LastSwiftUpdateCheck = 1520;
				LastUpgradeCheck = 1520;
				TargetAttributes = {
					9C918EAF2B706FC1004AD276 = {
						CreatedOnToolsVersion = 15.2;
					};
					9C918EC12B706FC2004AD276 = {
						CreatedOnToolsVersion = 15.2;
						TestTargetID = 9C918EAF2B706FC1004AD276;
					};
					9C918ECB2B706FC2004AD276 = {
						CreatedOnToolsVersion = 15.2;
						TestTargetID = 9C918EAF2B706FC1004AD276;
					};
				};
			};
			buildConfigurationList = 9C918EAB2B706FC1004AD276 /* Build configuration list for PBXProject "MusicTerminal" */;
			compatibilityVersion = "Xcode 14.0";
			developmentRegion = en;
			hasScannedForEncodings = 0;
			knownRegions = (
				en,
				Base,
			);
			mainGroup = 9C918EA72B706FC1004AD276;
			productRefGroup = 9C918EB12B706FC1004AD276 /* Products */;
			projectDirPath = "";
			projectRoot = "";
			targets = (
				9C918EAF2B706FC1004AD276 /* MusicTerminal */,
				9C918EC12B706FC2004AD276 /* MusicTerminalTests */,
				9C918ECB2B706FC2004AD276 /* MusicTerminalUITests */,
			);
		};
/* End PBXProject section */

/* Begin PBXResourcesBuildPhase section */
		9C918EAE2B706FC1004AD276 /* Resources */ = {
			isa = PBXResourcesBuildPhase;
			buildActionMask = 2147483647;
			files = (
				9C918EBD2B706FC2004AD276 /* Preview Assets.xcassets in Resources */,
				9C918EBA2B706FC2004AD276 /* Assets.xcassets in Resources */,
			);
			runOnlyForDeploymentPostprocessing = 0;
		};
		9C918EC02B706FC2004AD276 /* Resources */ = {
			isa = PBXResourcesBuildPhase;
			buildActionMask = 2147483647;
			files = (
			);
			runOnlyForDeploymentPostprocessing = 0;
		};
		9C918ECA2B706FC2004AD276 /* Resources */ = {
			isa = PBXResourcesBuildPhase;
			buildActionMask = 2147483647;
			files = (
			);
			runOnlyForDeploymentPostprocessing = 0;
		};
/* End PBXResourcesBuildPhase section */

/* Begin PBXSourcesBuildPhase section */
		9C918EAC2B706FC1004AD276 /* Sources */ = {
			isa = PBXSourcesBuildPhase;
			buildActionMask = 2147483647;
			files = (
				9C92B2752B707921004C230A /* TerminalView.swift in Sources */,
				9C918EE02B7070C6004AD276 /* InitialScreen.swift in Sources */,
				9C918EE32B707118004AD276 /* BLEManager.swift in Sources */,
				9C918EB42B706FC1004AD276 /* MusicTerminalApp.swift in Sources */,
			);
			runOnlyForDeploymentPostprocessing = 0;
		};
		9C918EBE2B706FC2004AD276 /* Sources */ = {
			isa = PBXSourcesBuildPhase;
			buildActionMask = 2147483647;
			files = (
				9C918EC72B706FC2004AD276 /* MusicTerminalTests.swift in Sources */,
			);
			runOnlyForDeploymentPostprocessing = 0;
		};
		9C918EC82B706FC2004AD276 /* Sources */ = {
			isa = PBXSourcesBuildPhase;
			buildActionMask = 2147483647;
			files = (
				9C918ED32B706FC2004AD276 /* MusicTerminalUITestsLaunchTests.swift in Sources */,
				9C918ED12B706FC2004AD276 /* MusicTerminalUITests.swift in Sources */,
			);
			runOnlyForDeploymentPostprocessing = 0;
		};
/* End PBXSourcesBuildPhase section */

/* Begin PBXTargetDependency section */
		9C918EC42B706FC2004AD276 /* PBXTargetDependency */ = {
			isa = PBXTargetDependency;
			target = 9C918EAF2B706FC1004AD276 /* MusicTerminal */;
			targetProxy = 9C918EC32B706FC2004AD276 /* PBXContainerItemProxy */;
		};
		9C918ECE2B706FC2004AD276 /* PBXTargetDependency */ = {
			isa = PBXTargetDependency;
			target = 9C918EAF2B706FC1004AD276 /* MusicTerminal */;
			targetProxy = 9C918ECD2B706FC2004AD276 /* PBXContainerItemProxy */;
		};
/* End PBXTargetDependency section */

/* Begin XCBuildConfiguration section */
		9C918ED42B706FC2004AD276 /* Debug */ = {
			isa = XCBuildConfiguration;
			buildSettings = {
				ALWAYS_SEARCH_USER_PATHS = NO;
				ASSETCATALOG_COMPILER_GENERATE_SWIFT_ASSET_SYMBOL_EXTENSIONS = YES;
				CLANG_ANALYZER_NONNULL = YES;
				CLANG_ANALYZER_NUMBER_OBJECT_CONVERSION = YES_AGGRESSIVE;
				CLANG_CXX_LANGUAGE_STANDARD = "gnu++20";
				CLANG_ENABLE_MODULES = YES;
				CLANG_ENABLE_OBJC_ARC = YES;
				CLANG_ENABLE_OBJC_WEAK = YES;
				CLANG_WARN_BLOCK_CAPTURE_AUTORELEASING = YES;
				CLANG_WARN_BOOL_CONVERSION = YES;
				CLANG_WARN_COMMA = YES;
				CLANG_WARN_CONSTANT_CONVERSION = YES;
				CLANG_WARN_DEPRECATED_OBJC_IMPLEMENTATIONS = YES;
				CLANG_WARN_DIRECT_OBJC_ISA_USAGE = YES_ERROR;
				CLANG_WARN_DOCUMENTATION_COMMENTS = YES;
				CLANG_WARN_EMPTY_BODY = YES;
				CLANG_WARN_ENUM_CONVERSION = YES;
				CLANG_WARN_INFINITE_RECURSION = YES;
				CLANG_WARN_INT_CONVERSION = YES;
				CLANG_WARN_NON_LITERAL_NULL_CONVERSION = YES;
				CLANG_WARN_OBJC_IMPLICIT_RETAIN_SELF = YES;
				CLANG_WARN_OBJC_LITERAL_CONVERSION = YES;
				CLANG_WARN_OBJC_ROOT_CLASS = YES_ERROR;
				CLANG_WARN_QUOTED_INCLUDE_IN_FRAMEWORK_HEADER = YES;
				CLANG_WARN_RANGE_LOOP_ANALYSIS = YES;
				CLANG_WARN_STRICT_PROTOTYPES = YES;
				CLANG_WARN_SUSPICIOUS_MOVE = YES;
				CLANG_WARN_UNGUARDED_AVAILABILITY = YES_AGGRESSIVE;
				CLANG_WARN_UNREACHABLE_CODE = YES;
				CLANG_WARN__DUPLICATE_METHOD_MATCH = YES;
				COPY_PHASE_STRIP = NO;
				DEBUG_INFORMATION_FORMAT = dwarf;
				ENABLE_STRICT_OBJC_MSGSEND = YES;
				ENABLE_TESTABILITY = YES;
				ENABLE_USER_SCRIPT_SANDBOXING = YES;
				GCC_C_LANGUAGE_STANDARD = gnu17;
				GCC_DYNAMIC_NO_PIC = NO;
				GCC_NO_COMMON_BLOCKS = YES;
				GCC_OPTIMIZATION_LEVEL = 0;
				GCC_PREPROCESSOR_DEFINITIONS = (
					"DEBUG=1",
					"$(inherited)",
				);
				GCC_WARN_64_TO_32_BIT_CONVERSION = YES;
				GCC_WARN_ABOUT_RETURN_TYPE = YES_ERROR;
				GCC_WARN_UNDECLARED_SELECTOR = YES;
				GCC_WARN_UNINITIALIZED_AUTOS = YES_AGGRESSIVE;
				GCC_WARN_UNUSED_FUNCTION = YES;
				GCC_WARN_UNUSED_VARIABLE = YES;
				IPHONEOS_DEPLOYMENT_TARGET = 17.2;
				LOCALIZATION_PREFERS_STRING_CATALOGS = YES;
				MTL_ENABLE_DEBUG_INFO = INCLUDE_SOURCE;
				MTL_FAST_MATH = YES;
				ONLY_ACTIVE_ARCH = YES;
				SDKROOT = iphoneos;
				SWIFT_ACTIVE_COMPILATION_CONDITIONS = "DEBUG $(inherited)";
				SWIFT_OPTIMIZATION_LEVEL = "-Onone";
			};
			name = Debug;
		};
		9C918ED52B706FC2004AD276 /* Release */ = {
			isa = XCBuildConfiguration;
			buildSettings = {
				ALWAYS_SEARCH_USER_PATHS = NO;
				ASSETCATALOG_COMPILER_GENERATE_SWIFT_ASSET_SYMBOL_EXTENSIONS = YES;
				CLANG_ANALYZER_NONNULL = YES;
				CLANG_ANALYZER_NUMBER_OBJECT_CONVERSION = YES_AGGRESSIVE;
				CLANG_CXX_LANGUAGE_STANDARD = "gnu++20";
				CLANG_ENABLE_MODULES = YES;
				CLANG_ENABLE_OBJC_ARC = YES;
				CLANG_ENABLE_OBJC_WEAK = YES;
				CLANG_WARN_BLOCK_CAPTURE_AUTORELEASING = YES;
				CLANG_WARN_BOOL_CONVERSION = YES;
				CLANG_WARN_COMMA = YES;
				CLANG_WARN_CONSTANT_CONVERSION = YES;
				CLANG_WARN_DEPRECATED_OBJC_IMPLEMENTATIONS = YES;
				CLANG_WARN_DIRECT_OBJC_ISA_USAGE = YES_ERROR;
				CLANG_WARN_DOCUMENTATION_COMMENTS = YES;
				CLANG_WARN_EMPTY_BODY = YES;
				CLANG_WARN_ENUM_CONVERSION = YES;
				CLANG_WARN_INFINITE_RECURSION = YES;
				CLANG_WARN_INT_CONVERSION = YES;
				CLANG_WARN_NON_LITERAL_NULL_CONVERSION = YES;
				CLANG_WARN_OBJC_IMPLICIT_RETAIN_SELF = YES;
				CLANG_WARN_OBJC_LITERAL_CONVERSION = YES;
				CLANG_WARN_OBJC_ROOT_CLASS = YES_ERROR;
				CLANG_WARN_QUOTED_INCLUDE_IN_FRAMEWORK_HEADER = YES;
				CLANG_WARN_RANGE_LOOP_ANALYSIS = YES;
				CLANG_WARN_STRICT_PROTOTYPES = YES;
				CLANG_WARN_SUSPICIOUS_MOVE = YES;
				CLANG_WARN_UNGUARDED_AVAILABILITY = YES_AGGRESSIVE;
				CLANG_WARN_UNREACHABLE_CODE = YES;
				CLANG_WARN__DUPLICATE_METHOD_MATCH = YES;
				COPY_PHASE_STRIP = NO;
				DEBUG_INFORMATION_FORMAT = "dwarf-with-dsym";
				ENABLE_NS_ASSERTIONS = NO;
				ENABLE_STRICT_OBJC_MSGSEND = YES;
				ENABLE_USER_SCRIPT_SANDBOXING = YES;
				GCC_C_LANGUAGE_STANDARD = gnu17;
				GCC_NO_COMMON_BLOCKS = YES;
				GCC_WARN_64_TO_32_BIT_CONVERSION = YES;
				GCC_WARN_ABOUT_RETURN_TYPE = YES_ERROR;
				GCC_WARN_UNDECLARED_SELECTOR = YES;
				GCC_WARN_UNINITIALIZED_AUTOS = YES_AGGRESSIVE;
				GCC_WARN_UNUSED_FUNCTION = YES;
				GCC_WARN_UNUSED_VARIABLE = YES;
				IPHONEOS_DEPLOYMENT_TARGET = 17.2;
				LOCALIZATION_PREFERS_STRING_CATALOGS = YES;
				MTL_ENABLE_DEBUG_INFO = NO;
				MTL_FAST_MATH = YES;
				SDKROOT = iphoneos;
				SWIFT_COMPILATION_MODE = wholemodule;
				VALIDATE_PRODUCT = YES;
			};
			name = Release;
		};
		9C918ED72B706FC2004AD276 /* Debug */ = {
			isa = XCBuildConfiguration;
			buildSettings = {
				ASSETCATALOG_COMPILER_APPICON_NAME = AppIcon;
				ASSETCATALOG_COMPILER_GLOBAL_ACCENT_COLOR_NAME = AccentColor;
				CODE_SIGN_STYLE = Automatic;
				CURRENT_PROJECT_VERSION = 1;
				DEVELOPMENT_ASSET_PATHS = "\"MusicTerminal/Preview Content\"";
				DEVELOPMENT_TEAM = 7QA45VJU6L;
				ENABLE_PREVIEWS = YES;
				GENERATE_INFOPLIST_FILE = YES;
				INFOPLIST_FILE = MusicTerminal/Info.plist;
				INFOPLIST_KEY_NSBluetoothAlwaysUsageDescription = "Needs bluetooth access to interface with device";
				INFOPLIST_KEY_NSBluetoothPeripheralUsageDescription = "Needs to connect and interact with BLE peripheral";
				INFOPLIST_KEY_UIApplicationSceneManifest_Generation = YES;
				INFOPLIST_KEY_UIApplicationSupportsIndirectInputEvents = YES;
				INFOPLIST_KEY_UILaunchScreen_Generation = YES;
				INFOPLIST_KEY_UISupportedInterfaceOrientations_iPad = "UIInterfaceOrientationPortrait UIInterfaceOrientationPortraitUpsideDown UIInterfaceOrientationLandscapeLeft UIInterfaceOrientationLandscapeRight";
				INFOPLIST_KEY_UISupportedInterfaceOrientations_iPhone = "UIInterfaceOrientationPortrait UIInterfaceOrientationLandscapeLeft UIInterfaceOrientationLandscapeRight";
				LD_RUNPATH_SEARCH_PATHS = (
					"$(inherited)",
					"@executable_path/Frameworks",
				);
				MARKETING_VERSION = 1.0;
				PRODUCT_BUNDLE_IDENTIFIER = com.marcelo.MusicTerminal;
				PRODUCT_NAME = "$(TARGET_NAME)";
				SWIFT_EMIT_LOC_STRINGS = YES;
				SWIFT_VERSION = 5.0;
				TARGETED_DEVICE_FAMILY = "1,2";
			};
			name = Debug;
		};
		9C918ED82B706FC2004AD276 /* Release */ = {
			isa = XCBuildConfiguration;
			buildSettings = {
				ASSETCATALOG_COMPILER_APPICON_NAME = AppIcon;
				ASSETCATALOG_COMPILER_GLOBAL_ACCENT_COLOR_NAME = AccentColor;
				CODE_SIGN_STYLE = Automatic;
				CURRENT_PROJECT_VERSION = 1;
				DEVELOPMENT_ASSET_PATHS = "\"MusicTerminal/Preview Content\"";
				DEVELOPMENT_TEAM = 7QA45VJU6L;
				ENABLE_PREVIEWS = YES;
				GENERATE_INFOPLIST_FILE = YES;
				INFOPLIST_FILE = MusicTerminal/Info.plist;
				INFOPLIST_KEY_NSBluetoothAlwaysUsageDescription = "Needs bluetooth access to interface with device";
				INFOPLIST_KEY_NSBluetoothPeripheralUsageDescription = "Needs to connect and interact with BLE peripheral";
				INFOPLIST_KEY_UIApplicationSceneManifest_Generation = YES;
				INFOPLIST_KEY_UIApplicationSupportsIndirectInputEvents = YES;
				INFOPLIST_KEY_UILaunchScreen_Generation = YES;
				INFOPLIST_KEY_UISupportedInterfaceOrientations_iPad = "UIInterfaceOrientationPortrait UIInterfaceOrientationPortraitUpsideDown UIInterfaceOrientationLandscapeLeft UIInterfaceOrientationLandscapeRight";
				INFOPLIST_KEY_UISupportedInterfaceOrientations_iPhone = "UIInterfaceOrientationPortrait UIInterfaceOrientationLandscapeLeft UIInterfaceOrientationLandscapeRight";
				LD_RUNPATH_SEARCH_PATHS = (
					"$(inherited)",
					"@executable_path/Frameworks",
				);
				MARKETING_VERSION = 1.0;
				PRODUCT_BUNDLE_IDENTIFIER = com.marcelo.MusicTerminal;
				PRODUCT_NAME = "$(TARGET_NAME)";
				SWIFT_EMIT_LOC_STRINGS = YES;
				SWIFT_VERSION = 5.0;
				TARGETED_DEVICE_FAMILY = "1,2";
			};
			name = Release;
		};
		9C918EDA2B706FC2004AD276 /* Debug */ = {
			isa = XCBuildConfiguration;
			buildSettings = {
				ALWAYS_EMBED_SWIFT_STANDARD_LIBRARIES = YES;
				BUNDLE_LOADER = "$(TEST_HOST)";
				CODE_SIGN_STYLE = Automatic;
				CURRENT_PROJECT_VERSION = 1;
				DEVELOPMENT_TEAM = 7QA45VJU6L;
				GENERATE_INFOPLIST_FILE = YES;
				IPHONEOS_DEPLOYMENT_TARGET = 17.2;
				MARKETING_VERSION = 1.0;
				PRODUCT_BUNDLE_IDENTIFIER = com.marcelo.MusicTerminalTests;
				PRODUCT_NAME = "$(TARGET_NAME)";
				SWIFT_EMIT_LOC_STRINGS = NO;
				SWIFT_VERSION = 5.0;
				TARGETED_DEVICE_FAMILY = "1,2";
				TEST_HOST = "$(BUILT_PRODUCTS_DIR)/MusicTerminal.app/$(BUNDLE_EXECUTABLE_FOLDER_PATH)/MusicTerminal";
			};
			name = Debug;
		};
		9C918EDB2B706FC2004AD276 /* Release */ = {
			isa = XCBuildConfiguration;
			buildSettings = {
				ALWAYS_EMBED_SWIFT_STANDARD_LIBRARIES = YES;
				BUNDLE_LOADER = "$(TEST_HOST)";
				CODE_SIGN_STYLE = Automatic;
				CURRENT_PROJECT_VERSION = 1;
				DEVELOPMENT_TEAM = 7QA45VJU6L;
				GENERATE_INFOPLIST_FILE = YES;
				IPHONEOS_DEPLOYMENT_TARGET = 17.2;
				MARKETING_VERSION = 1.0;
				PRODUCT_BUNDLE_IDENTIFIER = com.marcelo.MusicTerminalTests;
				PRODUCT_NAME = "$(TARGET_NAME)";
				SWIFT_EMIT_LOC_STRINGS = NO;
				SWIFT_VERSION = 5.0;
				TARGETED_DEVICE_FAMILY = "1,2";
				TEST_HOST = "$(BUILT_PRODUCTS_DIR)/MusicTerminal.app/$(BUNDLE_EXECUTABLE_FOLDER_PATH)/MusicTerminal";
			};
			name = Release;
		};
		9C918EDD2B706FC2004AD276 /* Debug */ = {
			isa = XCBuildConfiguration;
			buildSettings = {
				ALWAYS_EMBED_SWIFT_STANDARD_LIBRARIES = YES;
				CODE_SIGN_STYLE = Automatic;
				CURRENT_PROJECT_VERSION = 1;
				DEVELOPMENT_TEAM = 7QA45VJU6L;
				GENERATE_INFOPLIST_FILE = YES;
				MARKETING_VERSION = 1.0;
				PRODUCT_BUNDLE_IDENTIFIER = com.marcelo.MusicTerminalUITests;
				PRODUCT_NAME = "$(TARGET_NAME)";
				SWIFT_EMIT_LOC_STRINGS = NO;
				SWIFT_VERSION = 5.0;
				TARGETED_DEVICE_FAMILY = "1,2";
				TEST_TARGET_NAME = MusicTerminal;
			};
			name = Debug;
		};
		9C918EDE2B706FC2004AD276 /* Release */ = {
			isa = XCBuildConfiguration;
			buildSettings = {
				ALWAYS_EMBED_SWIFT_STANDARD_LIBRARIES = YES;
				CODE_SIGN_STYLE = Automatic;
				CURRENT_PROJECT_VERSION = 1;
				DEVELOPMENT_TEAM = 7QA45VJU6L;
				GENERATE_INFOPLIST_FILE = YES;
				MARKETING_VERSION = 1.0;
				PRODUCT_BUNDLE_IDENTIFIER = com.marcelo.MusicTerminalUITests;
				PRODUCT_NAME = "$(TARGET_NAME)";
				SWIFT_EMIT_LOC_STRINGS = NO;
				SWIFT_VERSION = 5.0;
				TARGETED_DEVICE_FAMILY = "1,2";
				TEST_TARGET_NAME = MusicTerminal;
			};
			name = Release;
		};
/* End XCBuildConfiguration section */

/* Begin XCConfigurationList section */
		9C918EAB2B706FC1004AD276 /* Build configuration list for PBXProject "MusicTerminal" */ = {
			isa = XCConfigurationList;
			buildConfigurations = (
				9C918ED42B706FC2004AD276 /* Debug */,
				9C918ED52B706FC2004AD276 /* Release */,
			);
			defaultConfigurationIsVisible = 0;
			defaultConfigurationName = Release;
		};
		9C918ED62B706FC2004AD276 /* Build configuration list for PBXNativeTarget "MusicTerminal" */ = {
			isa = XCConfigurationList;
			buildConfigurations = (
				9C918ED72B706FC2004AD276 /* Debug */,
				9C918ED82B706FC2004AD276 /* Release */,
			);
			defaultConfigurationIsVisible = 0;
			defaultConfigurationName = Release;
		};
		9C918ED92B706FC2004AD276 /* Build configuration list for PBXNativeTarget "MusicTerminalTests" */ = {
			isa = XCConfigurationList;
			buildConfigurations = (
				9C918EDA2B706FC2004AD276 /* Debug */,
				9C918EDB2B706FC2004AD276 /* Release */,
			);
			defaultConfigurationIsVisible = 0;
			defaultConfigurationName = Release;
		};
		9C918EDC2B706FC2004AD276 /* Build configuration list for PBXNativeTarget "MusicTerminalUITests" */ = {
			isa = XCConfigurationList;
			buildConfigurations = (
				9C918EDD2B706FC2004AD276 /* Debug */,
				9C918EDE2B706FC2004AD276 /* Release */,
			);
			defaultConfigurationIsVisible = 0;
			defaultConfigurationName = Release;
		};
/* End XCConfigurationList section */
	};
	rootObject = 9C918EA82B706FC1004AD276 /* Project object */;
}
