// !$*UTF8*$!
{
	archiveVersion = 1;
	classes = {
	};
	objectVersion = 56;
	objects = {

/* Begin PBXBuildFile section */
		9C890B152BC73F9E004D8604 /* MusicBoxApp.swift in Sources */ = {isa = PBXBuildFile; fileRef = 9C890B142BC73F9E004D8604 /* MusicBoxApp.swift */; };
		9C890B172BC73F9E004D8604 /* ContentView.swift in Sources */ = {isa = PBXBuildFile; fileRef = 9C890B162BC73F9E004D8604 /* ContentView.swift */; };
		9C890B192BC73F9E004D8604 /* Item.swift in Sources */ = {isa = PBXBuildFile; fileRef = 9C890B182BC73F9E004D8604 /* Item.swift */; };
		9C890B1B2BC73F9F004D8604 /* Assets.xcassets in Resources */ = {isa = PBXBuildFile; fileRef = 9C890B1A2BC73F9F004D8604 /* Assets.xcassets */; };
		9C890B1E2BC73F9F004D8604 /* Preview Assets.xcassets in Resources */ = {isa = PBXBuildFile; fileRef = 9C890B1D2BC73F9F004D8604 /* Preview Assets.xcassets */; };
		9C890B282BC73F9F004D8604 /* MusicBoxTests.swift in Sources */ = {isa = PBXBuildFile; fileRef = 9C890B272BC73F9F004D8604 /* MusicBoxTests.swift */; };
		9C890B322BC73F9F004D8604 /* MusicBoxUITests.swift in Sources */ = {isa = PBXBuildFile; fileRef = 9C890B312BC73F9F004D8604 /* MusicBoxUITests.swift */; };
		9C890B342BC73F9F004D8604 /* MusicBoxUITestsLaunchTests.swift in Sources */ = {isa = PBXBuildFile; fileRef = 9C890B332BC73F9F004D8604 /* MusicBoxUITestsLaunchTests.swift */; };
/* End PBXBuildFile section */

/* Begin PBXContainerItemProxy section */
		9C890B242BC73F9F004D8604 /* PBXContainerItemProxy */ = {
			isa = PBXContainerItemProxy;
			containerPortal = 9C890B092BC73F9E004D8604 /* Project object */;
			proxyType = 1;
			remoteGlobalIDString = 9C890B102BC73F9E004D8604;
			remoteInfo = MusicBox;
		};
		9C890B2E2BC73F9F004D8604 /* PBXContainerItemProxy */ = {
			isa = PBXContainerItemProxy;
			containerPortal = 9C890B092BC73F9E004D8604 /* Project object */;
			proxyType = 1;
			remoteGlobalIDString = 9C890B102BC73F9E004D8604;
			remoteInfo = MusicBox;
		};
/* End PBXContainerItemProxy section */

/* Begin PBXFileReference section */
		9C890B112BC73F9E004D8604 /* MusicBox.app */ = {isa = PBXFileReference; explicitFileType = wrapper.application; includeInIndex = 0; path = MusicBox.app; sourceTree = BUILT_PRODUCTS_DIR; };
		9C890B142BC73F9E004D8604 /* MusicBoxApp.swift */ = {isa = PBXFileReference; lastKnownFileType = sourcecode.swift; path = MusicBoxApp.swift; sourceTree = "<group>"; };
		9C890B162BC73F9E004D8604 /* ContentView.swift */ = {isa = PBXFileReference; lastKnownFileType = sourcecode.swift; path = ContentView.swift; sourceTree = "<group>"; };
		9C890B182BC73F9E004D8604 /* Item.swift */ = {isa = PBXFileReference; lastKnownFileType = sourcecode.swift; path = Item.swift; sourceTree = "<group>"; };
		9C890B1A2BC73F9F004D8604 /* Assets.xcassets */ = {isa = PBXFileReference; lastKnownFileType = folder.assetcatalog; path = Assets.xcassets; sourceTree = "<group>"; };
		9C890B1D2BC73F9F004D8604 /* Preview Assets.xcassets */ = {isa = PBXFileReference; lastKnownFileType = folder.assetcatalog; path = "Preview Assets.xcassets"; sourceTree = "<group>"; };
		9C890B232BC73F9F004D8604 /* MusicBoxTests.xctest */ = {isa = PBXFileReference; explicitFileType = wrapper.cfbundle; includeInIndex = 0; path = MusicBoxTests.xctest; sourceTree = BUILT_PRODUCTS_DIR; };
		9C890B272BC73F9F004D8604 /* MusicBoxTests.swift */ = {isa = PBXFileReference; lastKnownFileType = sourcecode.swift; path = MusicBoxTests.swift; sourceTree = "<group>"; };
		9C890B2D2BC73F9F004D8604 /* MusicBoxUITests.xctest */ = {isa = PBXFileReference; explicitFileType = wrapper.cfbundle; includeInIndex = 0; path = MusicBoxUITests.xctest; sourceTree = BUILT_PRODUCTS_DIR; };
		9C890B312BC73F9F004D8604 /* MusicBoxUITests.swift */ = {isa = PBXFileReference; lastKnownFileType = sourcecode.swift; path = MusicBoxUITests.swift; sourceTree = "<group>"; };
		9C890B332BC73F9F004D8604 /* MusicBoxUITestsLaunchTests.swift */ = {isa = PBXFileReference; lastKnownFileType = sourcecode.swift; path = MusicBoxUITestsLaunchTests.swift; sourceTree = "<group>"; };
		9C890B402BC74052004D8604 /* MusicBox.entitlements */ = {isa = PBXFileReference; lastKnownFileType = text.plist.entitlements; path = MusicBox.entitlements; sourceTree = "<group>"; };
/* End PBXFileReference section */

/* Begin PBXFrameworksBuildPhase section */
		9C890B0E2BC73F9E004D8604 /* Frameworks */ = {
			isa = PBXFrameworksBuildPhase;
			buildActionMask = 2147483647;
			files = (
			);
			runOnlyForDeploymentPostprocessing = 0;
		};
		9C890B202BC73F9F004D8604 /* Frameworks */ = {
			isa = PBXFrameworksBuildPhase;
			buildActionMask = 2147483647;
			files = (
			);
			runOnlyForDeploymentPostprocessing = 0;
		};
		9C890B2A2BC73F9F004D8604 /* Frameworks */ = {
			isa = PBXFrameworksBuildPhase;
			buildActionMask = 2147483647;
			files = (
			);
			runOnlyForDeploymentPostprocessing = 0;
		};
/* End PBXFrameworksBuildPhase section */

/* Begin PBXGroup section */
		9C890B082BC73F9E004D8604 = {
			isa = PBXGroup;
			children = (
				9C890B132BC73F9E004D8604 /* MusicBox */,
				9C890B262BC73F9F004D8604 /* MusicBoxTests */,
				9C890B302BC73F9F004D8604 /* MusicBoxUITests */,
				9C890B122BC73F9E004D8604 /* Products */,
			);
			sourceTree = "<group>";
		};
		9C890B122BC73F9E004D8604 /* Products */ = {
			isa = PBXGroup;
			children = (
				9C890B112BC73F9E004D8604 /* MusicBox.app */,
				9C890B232BC73F9F004D8604 /* MusicBoxTests.xctest */,
				9C890B2D2BC73F9F004D8604 /* MusicBoxUITests.xctest */,
			);
			name = Products;
			sourceTree = "<group>";
		};
		9C890B132BC73F9E004D8604 /* MusicBox */ = {
			isa = PBXGroup;
			children = (
				9C890B402BC74052004D8604 /* MusicBox.entitlements */,
				9C890B142BC73F9E004D8604 /* MusicBoxApp.swift */,
				9C890B162BC73F9E004D8604 /* ContentView.swift */,
				9C890B182BC73F9E004D8604 /* Item.swift */,
				9C890B1A2BC73F9F004D8604 /* Assets.xcassets */,
				9C890B1C2BC73F9F004D8604 /* Preview Content */,
			);
			path = MusicBox;
			sourceTree = "<group>";
		};
		9C890B1C2BC73F9F004D8604 /* Preview Content */ = {
			isa = PBXGroup;
			children = (
				9C890B1D2BC73F9F004D8604 /* Preview Assets.xcassets */,
			);
			path = "Preview Content";
			sourceTree = "<group>";
		};
		9C890B262BC73F9F004D8604 /* MusicBoxTests */ = {
			isa = PBXGroup;
			children = (
				9C890B272BC73F9F004D8604 /* MusicBoxTests.swift */,
			);
			path = MusicBoxTests;
			sourceTree = "<group>";
		};
		9C890B302BC73F9F004D8604 /* MusicBoxUITests */ = {
			isa = PBXGroup;
			children = (
				9C890B312BC73F9F004D8604 /* MusicBoxUITests.swift */,
				9C890B332BC73F9F004D8604 /* MusicBoxUITestsLaunchTests.swift */,
			);
			path = MusicBoxUITests;
			sourceTree = "<group>";
		};
/* End PBXGroup section */

/* Begin PBXNativeTarget section */
		9C890B102BC73F9E004D8604 /* MusicBox */ = {
			isa = PBXNativeTarget;
			buildConfigurationList = 9C890B372BC73F9F004D8604 /* Build configuration list for PBXNativeTarget "MusicBox" */;
			buildPhases = (
				9C890B0D2BC73F9E004D8604 /* Sources */,
				9C890B0E2BC73F9E004D8604 /* Frameworks */,
				9C890B0F2BC73F9E004D8604 /* Resources */,
			);
			buildRules = (
			);
			dependencies = (
			);
			name = MusicBox;
			productName = MusicBox;
			productReference = 9C890B112BC73F9E004D8604 /* MusicBox.app */;
			productType = "com.apple.product-type.application";
		};
		9C890B222BC73F9F004D8604 /* MusicBoxTests */ = {
			isa = PBXNativeTarget;
			buildConfigurationList = 9C890B3A2BC73F9F004D8604 /* Build configuration list for PBXNativeTarget "MusicBoxTests" */;
			buildPhases = (
				9C890B1F2BC73F9F004D8604 /* Sources */,
				9C890B202BC73F9F004D8604 /* Frameworks */,
				9C890B212BC73F9F004D8604 /* Resources */,
			);
			buildRules = (
			);
			dependencies = (
				9C890B252BC73F9F004D8604 /* PBXTargetDependency */,
			);
			name = MusicBoxTests;
			productName = MusicBoxTests;
			productReference = 9C890B232BC73F9F004D8604 /* MusicBoxTests.xctest */;
			productType = "com.apple.product-type.bundle.unit-test";
		};
		9C890B2C2BC73F9F004D8604 /* MusicBoxUITests */ = {
			isa = PBXNativeTarget;
			buildConfigurationList = 9C890B3D2BC73F9F004D8604 /* Build configuration list for PBXNativeTarget "MusicBoxUITests" */;
			buildPhases = (
				9C890B292BC73F9F004D8604 /* Sources */,
				9C890B2A2BC73F9F004D8604 /* Frameworks */,
				9C890B2B2BC73F9F004D8604 /* Resources */,
			);
			buildRules = (
			);
			dependencies = (
				9C890B2F2BC73F9F004D8604 /* PBXTargetDependency */,
			);
			name = MusicBoxUITests;
			productName = MusicBoxUITests;
			productReference = 9C890B2D2BC73F9F004D8604 /* MusicBoxUITests.xctest */;
			productType = "com.apple.product-type.bundle.ui-testing";
		};
/* End PBXNativeTarget section */

/* Begin PBXProject section */
		9C890B092BC73F9E004D8604 /* Project object */ = {
			isa = PBXProject;
			attributes = {
				BuildIndependentTargetsInParallel = 1;
				LastSwiftUpdateCheck = 1520;
				LastUpgradeCheck = 1520;
				TargetAttributes = {
					9C890B102BC73F9E004D8604 = {
						CreatedOnToolsVersion = 15.2;
					};
					9C890B222BC73F9F004D8604 = {
						CreatedOnToolsVersion = 15.2;
						TestTargetID = 9C890B102BC73F9E004D8604;
					};
					9C890B2C2BC73F9F004D8604 = {
						CreatedOnToolsVersion = 15.2;
						TestTargetID = 9C890B102BC73F9E004D8604;
					};
				};
			};
			buildConfigurationList = 9C890B0C2BC73F9E004D8604 /* Build configuration list for PBXProject "MusicBox" */;
			compatibilityVersion = "Xcode 14.0";
			developmentRegion = en;
			hasScannedForEncodings = 0;
			knownRegions = (
				en,
				Base,
			);
			mainGroup = 9C890B082BC73F9E004D8604;
			productRefGroup = 9C890B122BC73F9E004D8604 /* Products */;
			projectDirPath = "";
			projectRoot = "";
			targets = (
				9C890B102BC73F9E004D8604 /* MusicBox */,
				9C890B222BC73F9F004D8604 /* MusicBoxTests */,
				9C890B2C2BC73F9F004D8604 /* MusicBoxUITests */,
			);
		};
/* End PBXProject section */

/* Begin PBXResourcesBuildPhase section */
		9C890B0F2BC73F9E004D8604 /* Resources */ = {
			isa = PBXResourcesBuildPhase;
			buildActionMask = 2147483647;
			files = (
				9C890B1E2BC73F9F004D8604 /* Preview Assets.xcassets in Resources */,
				9C890B1B2BC73F9F004D8604 /* Assets.xcassets in Resources */,
			);
			runOnlyForDeploymentPostprocessing = 0;
		};
		9C890B212BC73F9F004D8604 /* Resources */ = {
			isa = PBXResourcesBuildPhase;
			buildActionMask = 2147483647;
			files = (
			);
			runOnlyForDeploymentPostprocessing = 0;
		};
		9C890B2B2BC73F9F004D8604 /* Resources */ = {
			isa = PBXResourcesBuildPhase;
			buildActionMask = 2147483647;
			files = (
			);
			runOnlyForDeploymentPostprocessing = 0;
		};
/* End PBXResourcesBuildPhase section */

/* Begin PBXSourcesBuildPhase section */
		9C890B0D2BC73F9E004D8604 /* Sources */ = {
			isa = PBXSourcesBuildPhase;
			buildActionMask = 2147483647;
			files = (
				9C890B172BC73F9E004D8604 /* ContentView.swift in Sources */,
				9C890B192BC73F9E004D8604 /* Item.swift in Sources */,
				9C890B152BC73F9E004D8604 /* MusicBoxApp.swift in Sources */,
			);
			runOnlyForDeploymentPostprocessing = 0;
		};
		9C890B1F2BC73F9F004D8604 /* Sources */ = {
			isa = PBXSourcesBuildPhase;
			buildActionMask = 2147483647;
			files = (
				9C890B282BC73F9F004D8604 /* MusicBoxTests.swift in Sources */,
			);
			runOnlyForDeploymentPostprocessing = 0;
		};
		9C890B292BC73F9F004D8604 /* Sources */ = {
			isa = PBXSourcesBuildPhase;
			buildActionMask = 2147483647;
			files = (
				9C890B342BC73F9F004D8604 /* MusicBoxUITestsLaunchTests.swift in Sources */,
				9C890B322BC73F9F004D8604 /* MusicBoxUITests.swift in Sources */,
			);
			runOnlyForDeploymentPostprocessing = 0;
		};
/* End PBXSourcesBuildPhase section */

/* Begin PBXTargetDependency section */
		9C890B252BC73F9F004D8604 /* PBXTargetDependency */ = {
			isa = PBXTargetDependency;
			target = 9C890B102BC73F9E004D8604 /* MusicBox */;
			targetProxy = 9C890B242BC73F9F004D8604 /* PBXContainerItemProxy */;
		};
		9C890B2F2BC73F9F004D8604 /* PBXTargetDependency */ = {
			isa = PBXTargetDependency;
			target = 9C890B102BC73F9E004D8604 /* MusicBox */;
			targetProxy = 9C890B2E2BC73F9F004D8604 /* PBXContainerItemProxy */;
		};
/* End PBXTargetDependency section */

/* Begin XCBuildConfiguration section */
		9C890B352BC73F9F004D8604 /* Debug */ = {
			isa = XCBuildConfiguration;
			buildSettings = {
				ALWAYS_SEARCH_USER_PATHS = NO;
				ASSETCATALOG_COMPILER_GENERATE_SWIFT_ASSET_SYMBOL_EXTENSIONS = YES;
				CLANG_ANALYZER_NONNULL = YES;
				CLANG_ANALYZER_NUMBER_OBJECT_CONVERSION = YES_AGGRESSIVE;
				CLANG_CXX_LANGUAGE_STANDARD = "gnu++20";
				CLANG_ENABLE_MODULES = YES;
				CLANG_ENABLE_OBJC_ARC = YES;
				CLANG_ENABLE_OBJC_WEAK = YES;
				CLANG_WARN_BLOCK_CAPTURE_AUTORELEASING = YES;
				CLANG_WARN_BOOL_CONVERSION = YES;
				CLANG_WARN_COMMA = YES;
				CLANG_WARN_CONSTANT_CONVERSION = YES;
				CLANG_WARN_DEPRECATED_OBJC_IMPLEMENTATIONS = YES;
				CLANG_WARN_DIRECT_OBJC_ISA_USAGE = YES_ERROR;
				CLANG_WARN_DOCUMENTATION_COMMENTS = YES;
				CLANG_WARN_EMPTY_BODY = YES;
				CLANG_WARN_ENUM_CONVERSION = YES;
				CLANG_WARN_INFINITE_RECURSION = YES;
				CLANG_WARN_INT_CONVERSION = YES;
				CLANG_WARN_NON_LITERAL_NULL_CONVERSION = YES;
				CLANG_WARN_OBJC_IMPLICIT_RETAIN_SELF = YES;
				CLANG_WARN_OBJC_LITERAL_CONVERSION = YES;
				CLANG_WARN_OBJC_ROOT_CLASS = YES_ERROR;
				CLANG_WARN_QUOTED_INCLUDE_IN_FRAMEWORK_HEADER = YES;
				CLANG_WARN_RANGE_LOOP_ANALYSIS = YES;
				CLANG_WARN_STRICT_PROTOTYPES = YES;
				CLANG_WARN_SUSPICIOUS_MOVE = YES;
				CLANG_WARN_UNGUARDED_AVAILABILITY = YES_AGGRESSIVE;
				CLANG_WARN_UNREACHABLE_CODE = YES;
				CLANG_WARN__DUPLICATE_METHOD_MATCH = YES;
				COPY_PHASE_STRIP = NO;
				DEBUG_INFORMATION_FORMAT = dwarf;
				ENABLE_STRICT_OBJC_MSGSEND = YES;
				ENABLE_TESTABILITY = YES;
				ENABLE_USER_SCRIPT_SANDBOXING = YES;
				GCC_C_LANGUAGE_STANDARD = gnu17;
				GCC_DYNAMIC_NO_PIC = NO;
				GCC_NO_COMMON_BLOCKS = YES;
				GCC_OPTIMIZATION_LEVEL = 0;
				GCC_PREPROCESSOR_DEFINITIONS = (
					"DEBUG=1",
					"$(inherited)",
				);
				GCC_WARN_64_TO_32_BIT_CONVERSION = YES;
				GCC_WARN_ABOUT_RETURN_TYPE = YES_ERROR;
				GCC_WARN_UNDECLARED_SELECTOR = YES;
				GCC_WARN_UNINITIALIZED_AUTOS = YES_AGGRESSIVE;
				GCC_WARN_UNUSED_FUNCTION = YES;
				GCC_WARN_UNUSED_VARIABLE = YES;
				IPHONEOS_DEPLOYMENT_TARGET = 17.2;
				LOCALIZATION_PREFERS_STRING_CATALOGS = YES;
				MTL_ENABLE_DEBUG_INFO = INCLUDE_SOURCE;
				MTL_FAST_MATH = YES;
				ONLY_ACTIVE_ARCH = YES;
				SDKROOT = iphoneos;
				SWIFT_ACTIVE_COMPILATION_CONDITIONS = "DEBUG $(inherited)";
				SWIFT_OPTIMIZATION_LEVEL = "-Onone";
			};
			name = Debug;
		};
		9C890B362BC73F9F004D8604 /* Release */ = {
			isa = XCBuildConfiguration;
			buildSettings = {
				ALWAYS_SEARCH_USER_PATHS = NO;
				ASSETCATALOG_COMPILER_GENERATE_SWIFT_ASSET_SYMBOL_EXTENSIONS = YES;
				CLANG_ANALYZER_NONNULL = YES;
				CLANG_ANALYZER_NUMBER_OBJECT_CONVERSION = YES_AGGRESSIVE;
				CLANG_CXX_LANGUAGE_STANDARD = "gnu++20";
				CLANG_ENABLE_MODULES = YES;
				CLANG_ENABLE_OBJC_ARC = YES;
				CLANG_ENABLE_OBJC_WEAK = YES;
				CLANG_WARN_BLOCK_CAPTURE_AUTORELEASING = YES;
				CLANG_WARN_BOOL_CONVERSION = YES;
				CLANG_WARN_COMMA = YES;
				CLANG_WARN_CONSTANT_CONVERSION = YES;
				CLANG_WARN_DEPRECATED_OBJC_IMPLEMENTATIONS = YES;
				CLANG_WARN_DIRECT_OBJC_ISA_USAGE = YES_ERROR;
				CLANG_WARN_DOCUMENTATION_COMMENTS = YES;
				CLANG_WARN_EMPTY_BODY = YES;
				CLANG_WARN_ENUM_CONVERSION = YES;
				CLANG_WARN_INFINITE_RECURSION = YES;
				CLANG_WARN_INT_CONVERSION = YES;
				CLANG_WARN_NON_LITERAL_NULL_CONVERSION = YES;
				CLANG_WARN_OBJC_IMPLICIT_RETAIN_SELF = YES;
				CLANG_WARN_OBJC_LITERAL_CONVERSION = YES;
				CLANG_WARN_OBJC_ROOT_CLASS = YES_ERROR;
				CLANG_WARN_QUOTED_INCLUDE_IN_FRAMEWORK_HEADER = YES;
				CLANG_WARN_RANGE_LOOP_ANALYSIS = YES;
				CLANG_WARN_STRICT_PROTOTYPES = YES;
				CLANG_WARN_SUSPICIOUS_MOVE = YES;
				CLANG_WARN_UNGUARDED_AVAILABILITY = YES_AGGRESSIVE;
				CLANG_WARN_UNREACHABLE_CODE = YES;
				CLANG_WARN__DUPLICATE_METHOD_MATCH = YES;
				COPY_PHASE_STRIP = NO;
				DEBUG_INFORMATION_FORMAT = "dwarf-with-dsym";
				ENABLE_NS_ASSERTIONS = NO;
				ENABLE_STRICT_OBJC_MSGSEND = YES;
				ENABLE_USER_SCRIPT_SANDBOXING = YES;
				GCC_C_LANGUAGE_STANDARD = gnu17;
				GCC_NO_COMMON_BLOCKS = YES;
				GCC_WARN_64_TO_32_BIT_CONVERSION = YES;
				GCC_WARN_ABOUT_RETURN_TYPE = YES_ERROR;
				GCC_WARN_UNDECLARED_SELECTOR = YES;
				GCC_WARN_UNINITIALIZED_AUTOS = YES_AGGRESSIVE;
				GCC_WARN_UNUSED_FUNCTION = YES;
				GCC_WARN_UNUSED_VARIABLE = YES;
				IPHONEOS_DEPLOYMENT_TARGET = 17.2;
				LOCALIZATION_PREFERS_STRING_CATALOGS = YES;
				MTL_ENABLE_DEBUG_INFO = NO;
				MTL_FAST_MATH = YES;
				SDKROOT = iphoneos;
				SWIFT_COMPILATION_MODE = wholemodule;
				VALIDATE_PRODUCT = YES;
			};
			name = Release;
		};
		9C890B382BC73F9F004D8604 /* Debug */ = {
			isa = XCBuildConfiguration;
			buildSettings = {
				ASSETCATALOG_COMPILER_APPICON_NAME = AppIcon;
				ASSETCATALOG_COMPILER_GLOBAL_ACCENT_COLOR_NAME = AccentColor;
				CODE_SIGN_ENTITLEMENTS = MusicBox/MusicBox.entitlements;
				CODE_SIGN_STYLE = Automatic;
				CURRENT_PROJECT_VERSION = 1;
				DEVELOPMENT_ASSET_PATHS = "\"MusicBox/Preview Content\"";
				DEVELOPMENT_TEAM = 7QA45VJU6L;
				ENABLE_PREVIEWS = YES;
				GENERATE_INFOPLIST_FILE = YES;
				INFOPLIST_KEY_NSBluetoothAlwaysUsageDescription = "This app Needs bluetooth to connect to physical devices";
				INFOPLIST_KEY_NSBluetoothPeripheralUsageDescription = "This app uses bluetooth to communicate with physical devices";
				INFOPLIST_KEY_UIApplicationSceneManifest_Generation = YES;
				INFOPLIST_KEY_UIApplicationSupportsIndirectInputEvents = YES;
				INFOPLIST_KEY_UILaunchScreen_Generation = YES;
				INFOPLIST_KEY_UISupportedInterfaceOrientations_iPad = "UIInterfaceOrientationPortrait UIInterfaceOrientationPortraitUpsideDown UIInterfaceOrientationLandscapeLeft UIInterfaceOrientationLandscapeRight";
				INFOPLIST_KEY_UISupportedInterfaceOrientations_iPhone = "UIInterfaceOrientationPortrait UIInterfaceOrientationLandscapeLeft UIInterfaceOrientationLandscapeRight";
				LD_RUNPATH_SEARCH_PATHS = (
					"$(inherited)",
					"@executable_path/Frameworks",
				);
				MARKETING_VERSION = 1.0;
				PRODUCT_BUNDLE_IDENTIFIER = com.marcelo.MusicBox;
				PRODUCT_NAME = "$(TARGET_NAME)";
				SWIFT_EMIT_LOC_STRINGS = YES;
				SWIFT_VERSION = 5.0;
				TARGETED_DEVICE_FAMILY = "1,2";
			};
			name = Debug;
		};
		9C890B392BC73F9F004D8604 /* Release */ = {
			isa = XCBuildConfiguration;
			buildSettings = {
				ASSETCATALOG_COMPILER_APPICON_NAME = AppIcon;
				ASSETCATALOG_COMPILER_GLOBAL_ACCENT_COLOR_NAME = AccentColor;
				CODE_SIGN_ENTITLEMENTS = MusicBox/MusicBox.entitlements;
				CODE_SIGN_STYLE = Automatic;
				CURRENT_PROJECT_VERSION = 1;
				DEVELOPMENT_ASSET_PATHS = "\"MusicBox/Preview Content\"";
				DEVELOPMENT_TEAM = 7QA45VJU6L;
				ENABLE_PREVIEWS = YES;
				GENERATE_INFOPLIST_FILE = YES;
				INFOPLIST_KEY_NSBluetoothAlwaysUsageDescription = "This app Needs bluetooth to connect to physical devices";
				INFOPLIST_KEY_NSBluetoothPeripheralUsageDescription = "This app uses bluetooth to communicate with physical devices";
				INFOPLIST_KEY_UIApplicationSceneManifest_Generation = YES;
				INFOPLIST_KEY_UIApplicationSupportsIndirectInputEvents = YES;
				INFOPLIST_KEY_UILaunchScreen_Generation = YES;
				INFOPLIST_KEY_UISupportedInterfaceOrientations_iPad = "UIInterfaceOrientationPortrait UIInterfaceOrientationPortraitUpsideDown UIInterfaceOrientationLandscapeLeft UIInterfaceOrientationLandscapeRight";
				INFOPLIST_KEY_UISupportedInterfaceOrientations_iPhone = "UIInterfaceOrientationPortrait UIInterfaceOrientationLandscapeLeft UIInterfaceOrientationLandscapeRight";
				LD_RUNPATH_SEARCH_PATHS = (
					"$(inherited)",
					"@executable_path/Frameworks",
				);
				MARKETING_VERSION = 1.0;
				PRODUCT_BUNDLE_IDENTIFIER = com.marcelo.MusicBox;
				PRODUCT_NAME = "$(TARGET_NAME)";
				SWIFT_EMIT_LOC_STRINGS = YES;
				SWIFT_VERSION = 5.0;
				TARGETED_DEVICE_FAMILY = "1,2";
			};
			name = Release;
		};
		9C890B3B2BC73F9F004D8604 /* Debug */ = {
			isa = XCBuildConfiguration;
			buildSettings = {
				ALWAYS_EMBED_SWIFT_STANDARD_LIBRARIES = YES;
				BUNDLE_LOADER = "$(TEST_HOST)";
				CODE_SIGN_STYLE = Automatic;
				CURRENT_PROJECT_VERSION = 1;
				DEVELOPMENT_TEAM = 7QA45VJU6L;
				GENERATE_INFOPLIST_FILE = YES;
				IPHONEOS_DEPLOYMENT_TARGET = 17.2;
				MARKETING_VERSION = 1.0;
				PRODUCT_BUNDLE_IDENTIFIER = com.marcelo.MusicBoxTests;
				PRODUCT_NAME = "$(TARGET_NAME)";
				SWIFT_EMIT_LOC_STRINGS = NO;
				SWIFT_VERSION = 5.0;
				TARGETED_DEVICE_FAMILY = "1,2";
				TEST_HOST = "$(BUILT_PRODUCTS_DIR)/MusicBox.app/$(BUNDLE_EXECUTABLE_FOLDER_PATH)/MusicBox";
			};
			name = Debug;
		};
		9C890B3C2BC73F9F004D8604 /* Release */ = {
			isa = XCBuildConfiguration;
			buildSettings = {
				ALWAYS_EMBED_SWIFT_STANDARD_LIBRARIES = YES;
				BUNDLE_LOADER = "$(TEST_HOST)";
				CODE_SIGN_STYLE = Automatic;
				CURRENT_PROJECT_VERSION = 1;
				DEVELOPMENT_TEAM = 7QA45VJU6L;
				GENERATE_INFOPLIST_FILE = YES;
				IPHONEOS_DEPLOYMENT_TARGET = 17.2;
				MARKETING_VERSION = 1.0;
				PRODUCT_BUNDLE_IDENTIFIER = com.marcelo.MusicBoxTests;
				PRODUCT_NAME = "$(TARGET_NAME)";
				SWIFT_EMIT_LOC_STRINGS = NO;
				SWIFT_VERSION = 5.0;
				TARGETED_DEVICE_FAMILY = "1,2";
				TEST_HOST = "$(BUILT_PRODUCTS_DIR)/MusicBox.app/$(BUNDLE_EXECUTABLE_FOLDER_PATH)/MusicBox";
			};
			name = Release;
		};
		9C890B3E2BC73F9F004D8604 /* Debug */ = {
			isa = XCBuildConfiguration;
			buildSettings = {
				ALWAYS_EMBED_SWIFT_STANDARD_LIBRARIES = YES;
				CODE_SIGN_STYLE = Automatic;
				CURRENT_PROJECT_VERSION = 1;
				DEVELOPMENT_TEAM = 7QA45VJU6L;
				GENERATE_INFOPLIST_FILE = YES;
				MARKETING_VERSION = 1.0;
				PRODUCT_BUNDLE_IDENTIFIER = com.marcelo.MusicBoxUITests;
				PRODUCT_NAME = "$(TARGET_NAME)";
				SWIFT_EMIT_LOC_STRINGS = NO;
				SWIFT_VERSION = 5.0;
				TARGETED_DEVICE_FAMILY = "1,2";
				TEST_TARGET_NAME = MusicBox;
			};
			name = Debug;
		};
		9C890B3F2BC73F9F004D8604 /* Release */ = {
			isa = XCBuildConfiguration;
			buildSettings = {
				ALWAYS_EMBED_SWIFT_STANDARD_LIBRARIES = YES;
				CODE_SIGN_STYLE = Automatic;
				CURRENT_PROJECT_VERSION = 1;
				DEVELOPMENT_TEAM = 7QA45VJU6L;
				GENERATE_INFOPLIST_FILE = YES;
				MARKETING_VERSION = 1.0;
				PRODUCT_BUNDLE_IDENTIFIER = com.marcelo.MusicBoxUITests;
				PRODUCT_NAME = "$(TARGET_NAME)";
				SWIFT_EMIT_LOC_STRINGS = NO;
				SWIFT_VERSION = 5.0;
				TARGETED_DEVICE_FAMILY = "1,2";
				TEST_TARGET_NAME = MusicBox;
			};
			name = Release;
		};
/* End XCBuildConfiguration section */

/* Begin XCConfigurationList section */
		9C890B0C2BC73F9E004D8604 /* Build configuration list for PBXProject "MusicBox" */ = {
			isa = XCConfigurationList;
			buildConfigurations = (
				9C890B352BC73F9F004D8604 /* Debug */,
				9C890B362BC73F9F004D8604 /* Release */,
			);
			defaultConfigurationIsVisible = 0;
			defaultConfigurationName = Release;
		};
		9C890B372BC73F9F004D8604 /* Build configuration list for PBXNativeTarget "MusicBox" */ = {
			isa = XCConfigurationList;
			buildConfigurations = (
				9C890B382BC73F9F004D8604 /* Debug */,
				9C890B392BC73F9F004D8604 /* Release */,
			);
			defaultConfigurationIsVisible = 0;
			defaultConfigurationName = Release;
		};
		9C890B3A2BC73F9F004D8604 /* Build configuration list for PBXNativeTarget "MusicBoxTests" */ = {
			isa = XCConfigurationList;
			buildConfigurations = (
				9C890B3B2BC73F9F004D8604 /* Debug */,
				9C890B3C2BC73F9F004D8604 /* Release */,
			);
			defaultConfigurationIsVisible = 0;
			defaultConfigurationName = Release;
		};
		9C890B3D2BC73F9F004D8604 /* Build configuration list for PBXNativeTarget "MusicBoxUITests" */ = {
			isa = XCConfigurationList;
			buildConfigurations = (
				9C890B3E2BC73F9F004D8604 /* Debug */,
				9C890B3F2BC73F9F004D8604 /* Release */,
			);
			defaultConfigurationIsVisible = 0;
			defaultConfigurationName = Release;
		};
/* End XCConfigurationList section */
	};
	rootObject = 9C890B092BC73F9E004D8604 /* Project object */;
}
